// !$*UTF8*$!
{
	archiveVersion = 1;
	classes = {
	};
	objectVersion = 77;
	objects = {

/* Begin PBXContainerItemProxy section */
		3EEFE3822DAFB2B300F5B0FF /* PBXContainerItemProxy */ = {
			isa = PBXContainerItemProxy;
			containerPortal = 3E89D6EE2D9869F000E8414C /* Project object */;
			proxyType = 1;
			remoteGlobalIDString = 3EEFE3792DAFB2B200F5B0FF;
			remoteInfo = "HabitMinder Watch App";
		};
/* End PBXContainerItemProxy section */

/* Begin PBXCopyFilesBuildPhase section */
		3EEFE3882DAFB2B300F5B0FF /* Embed Watch Content */ = {
			isa = PBXCopyFilesBuildPhase;
			buildActionMask = 2147483647;
			dstPath = "$(CONTENTS_FOLDER_PATH)/Watch";
			dstSubfolderSpec = 16;
			files = (
			);
			name = "Embed Watch Content";
			runOnlyForDeploymentPostprocessing = 0;
		};
/* End PBXCopyFilesBuildPhase section */

/* Begin PBXFileReference section */
		3E10AE2E3011297E0051CCB8 /* HabitMinder.app */ = {isa = PBXFileReference; explicitFileType = wrapper.application; includeInIndex = 0; path = HabitMinder.app; sourceTree = BUILT_PRODUCTS_DIR; };
		3E10AE2F3011297E0051CCB8 /* HabitMinder Watch App.app */ = {isa = PBXFileReference; explicitFileType = wrapper.application; includeInIndex = 0; path = "HabitMinder Watch App.app"; sourceTree = BUILT_PRODUCTS_DIR; };
		3E358E8A300D71B600D03AA1 /* test.swift */ = {isa = PBXFileReference; lastKnownFileType = sourcecode.swift; path = test.swift; sourceTree = "<group>"; };
/* End PBXFileReference section */

/* Begin PBXFileSystemSynchronizedBuildFileExceptionSet section */
		3E626084300D51B60001D5C0 /* Exceptions for "HabitMinder" folder in "HabitMinder" target */ = {
			isa = PBXFileSystemSynchronizedBuildFileExceptionSet;
			membershipExceptions = (
				"/Localized: Shared/Resources/Localization/Localizable.strings",
				App/AppStartupErrorView.swift,
				App/AppStartupModelContainer.swift,
				App/HabitMinderApp.swift,
				App/RootView.swift,
				Core/Data/Network/APIFetching.swift,
				Core/Data/Network/APIHost.swift,
				Core/Data/Network/APIService.swift,
				Core/Data/Network/HTTPMethod.swift,
				Core/Data/Network/HTTPSession.swift,
				Core/Data/Network/NetworkEndpoint.swift,
				Core/Data/Network/NetworkError.swift,
				Core/Data/Network/Quote/Quote.swift,
				Core/Data/Network/Quote/QuoteEndpoint.swift,
				Core/Data/Network/Quote/QuoteRepository.swift,
				Core/Data/Network/Quote/QuoteRepositoryProtocol.swift,
				Core/Data/Network/Secrets.swift,
				"Core/Data/Persistence /FilesStorage/ProfileImageStorage.swift",
				"Core/Data/Persistence /FilesStorage/ProfileImageStoring.swift",
				"Core/Data/Persistence /SwiftData/AppModelContainer.swift",
				"Core/Data/Persistence /SwiftData/DataManager.swift",
				"Core/Data/Persistence /SwiftData/DataManaging.swift",
				"Core/Data/Persistence /SwiftData/IdentifiableModel.swift",
				"Core/Data/Persistence /UserDefaults/StorageKeyProtocol.swift",
				"Core/Data/Persistence /UserDefaults/UserDefaultKeys.swift",
				"Core/Data/Persistence /UserDefaults/UserDefaultsStorage.swift",
				"Core/Data/Persistence /UserDefaults/UserDefaultsStoring.swift",
				Core/Navigation/Coordinator/AppRoute.swift,
				Core/Navigation/Coordinator/MainCoordinating.swift,
				Core/Navigation/Coordinator/MainCoordinator.swift,
				Core/Navigation/Coordinator/NavigationItem.swift,
				Core/Navigation/Coordinator/RootNavigationView.swift,
				Core/Navigation/Destination/AppDestinationView.swift,
				Core/Navigation/Destination/HabitDestinationView.swift,
				Core/Navigation/Destination/IntroDestinationView.swift,
				Core/Navigation/Destination/MainDestinationView.swift,
				Core/Navigation/Destination/MainTabView.swift,
				Core/Navigation/Destination/ManageHabitDestinationView.swift,
				Core/Navigation/Destination/SettingsDestinationView.swift,
				Features/Habits/HabitHistory/Coordinator/HabitHistoryCoordinating.swift,
				Features/Habits/HabitHistory/Coordinator/HabitHistoryCoordinator.swift,
				Features/Habits/HabitHistory/Models/CompletedHabitItem.swift,
				Features/Habits/HabitHistory/Models/FutureHabitItem.swift,
				Features/Habits/HabitHistory/Models/HabitHistoryModel.swift,
				Features/Habits/HabitHistory/View/HabitHistoryListRowView.swift,
				Features/Habits/HabitHistory/View/HabitHistoryView.swift,
				Features/Habits/HabitHistory/ViewModel/HabitHistoryViewModel.swift,
				Features/Habits/Home/Coordinator/HomeCoordinating.swift,
				Features/Habits/Home/Coordinator/HomeCoordinator.swift,
				Features/Habits/Home/Models/HabitItem.swift,
				Features/Habits/Home/Models/HabitModel.swift,
				Features/Habits/Home/View/HabitListRowView.swift,
				Features/Habits/Home/View/HomeView.swift,
				Features/Habits/Home/ViewModel/HomeViewModel.swift,
				Features/Intro/Onboarding/Coordinator/IntroCoordinating.swift,
				Features/Intro/Onboarding/Coordinator/IntroCoordinator.swift,
				Features/Intro/Onboarding/View/IntroImage.swift,
				Features/Intro/Onboarding/View/IntroPageState.swift,
				Features/Intro/Onboarding/View/IntroView.swift,
				Features/Intro/Onboarding/ViewModel/IntroViewModel.swift,
				Features/Intro/SignIn/Coordinator/SetNameCoordinating.swift,
				Features/Intro/SignIn/Coordinator/SetNameCoordinator.swift,
				Features/Intro/SignIn/Model/AppleSignInAccount.swift,
				Features/Intro/SignIn/View/BorderState.swift,
				Features/Intro/SignIn/View/SignInView.swift,
				Features/Intro/SignIn/ViewModel/SignInViewModel.swift,
				Features/Intro/Welcome/Coordinator/WelcomeCoordinating.swift,
				Features/Intro/Welcome/Coordinator/WelcomeCoordinator.swift,
				Features/Intro/Welcome/View/WelcomeView.swift,
				Features/Intro/Welcome/ViewModel/WelcomeViewModel.swift,
				Features/ManageHabit/AddHabit/Coordinator/AddHabitCoordinating.swift,
				Features/ManageHabit/AddHabit/Coordinator/AddHabitCoordinator.swift,
				Features/ManageHabit/AddHabit/Model/HabitFrequency.swift,
				Features/ManageHabit/AddHabit/View/AddHabitView.swift,
				Features/ManageHabit/AddHabit/ViewModel/AddHabitViewModel.swift,
				Features/ManageHabit/EditHabit/Coordinator/EditHabitCoordinating.swift,
				Features/ManageHabit/EditHabit/Coordinator/EditHabitCoordinator.swift,
				Features/ManageHabit/EditHabit/View/EditHabitView.swift,
				Features/ManageHabit/EditHabit/ViewModel/EditHabitViewModel.swift,
				Features/Settings/Notification/View/NotificationSettingsView.swift,
				Features/Settings/Notification/ViewModel/NotificationSettingsViewModel.swift,
				Features/Settings/Profile/View/ProfileView.swift,
				Features/Settings/Profile/ViewModel/ProfileViewModel.swift,
				Features/Settings/Settings/Coordinator/SettingsCoordinating.swift,
				Features/Settings/Settings/Coordinator/SettingsCoordinator.swift,
				Features/Settings/Settings/UseCase/LogoutUseCase.swift,
				Features/Settings/Settings/View/SettingsView.swift,
				Features/Settings/Settings/ViewModel/SettingsViewModel.swift,
				Features/Settings/Theme/View/ThemeView.swift,
				Shared/Constants/AppCloudKit.swift,
				Shared/Constants/AppInfo.swift,
				Shared/Constants/AppLogger.swift,
				Shared/Constants/HabitFormConstants.swift,
				Shared/Constants/LayoutStyle.swift,
				Shared/Constants/Spacing.swift,
				Shared/Constants/SystemIconName.swift,
				Shared/CustomViews/Button/AppPrimaryButton.swift,
				Shared/CustomViews/Button/AppPrimaryButtonSize.swift,
				Shared/CustomViews/Button/AppProfileButton.swift,
				Shared/CustomViews/EmptyView/CustomEmptyView.swift,
				Shared/CustomViews/HabitForm/HabitFromView.swift,
				Shared/CustomViews/HabitForm/HabitReminderTimeFormatter.swift,
				Shared/CustomViews/HabitHistory/HabitHistorySectionHeader.swift,
				Shared/CustomViews/HabitHistory/HabitJourneyCompletedCard.swift,
				Shared/CustomViews/Header/AppHeaderView.swift,
				Shared/CustomViews/Settings/NotificationPermissionAlertModifier.swift,
				Shared/CustomViews/Settings/PageIntroView.swift,
				Shared/CustomViews/Settings/ProfilePhotoPickerButton.swift,
				Shared/CustomViews/Settings/SettingsActionRow.swift,
				Shared/CustomViews/Settings/SettingsRowIcon.swift,
				Shared/CustomViews/Settings/SettingsSection.swift,
				Shared/CustomViews/Settings/SettingsToggleRow.swift,
				Shared/CustomViews/Toast/ToastLabel.swift,
				"Shared/Extensions/Foundation/Date+DayCounter.swift",
				"Shared/Extensions/Foundation/String+Formatting.swift",
				"Shared/Extensions/Foundation/Task+Delay.swift",
				"Shared/Extensions/Foundation/Types+Helpers.swift",
				"Shared/Extensions/SwiftUI/Color+RGBA.swift",
				"Shared/Extensions/SwiftUI/ColorScheme+CurrentWindow.swift",
				"Shared/Extensions/SwiftUI/Font+AppFont.swift",
				"Shared/Extensions/SwiftUI/View+DismissKeyboard.swift",
				"Shared/Extensions/SwiftUI/View+liquidGlass.swift",
				Shared/Managers/DI/AppDependencies.swift,
				Shared/Managers/DI/DIContainer.swift,
				Shared/Managers/DI/DISetup.swift,
				Shared/Managers/DI/ScopesDependencies.swift,
				Shared/Managers/Notification/AppNotification.swift,
				Shared/Managers/Notification/AppNotificationDelegate.swift,
				Shared/Managers/Notification/HabitNotificationAuthorizationStatus.swift,
				Shared/Managers/Notification/HabitReminderScheduler.swift,
				Shared/Managers/Notification/HabitReminderScheduling.swift,
				Shared/Managers/ProfileImage/ProfileImageUseCase.swift,
				Shared/Managers/ProfileImage/ProfileImageUseCasing.swift,
				Shared/Managers/Theme/AppAppearanceMode.swift,
				Shared/Managers/Theme/ThemeManager.swift,
				Shared/Managers/Theme/ThemeManaging.swift,
				Shared/Resources/Assets.xcassets,
				Shared/Resources/Font/RooneySansBold.OTF,
				Shared/Resources/Font/RooneySansRegular.OTF,
				"Shared/Resources/Launch Screen.storyboard",
				Shared/Resources/Localization/L10n.swift,
				Watch/HabitData.swift,
				Watch/WatchConnectivityDelegate.swift,
				Watch/WatchConnectivityKeys.swift,
				Watch/WatchConnectivityProviding.swift,
				Watch/WatchConnectivityService.swift,
				Watch/WatchConnectivitySession.swift,
			);
			target = 3E89D6F52D9869F100E8414C /* HabitMinder */;
		};
		3E6260D7300D51E00001D5C0 /* Exceptions for "HabitMinder" folder in "HabitMinder Watch App" target */ = {
			isa = PBXFileSystemSynchronizedBuildFileExceptionSet;
			membershipExceptions = (
				"/Localized: Shared/Resources/Localization/Localizable.strings",
				Shared/Constants/AppLogger.swift,
				Shared/Resources/Localization/L10n.swift,
				Watch/HabitData.swift,
				Watch/WatchConnectivityKeys.swift,
			);
			target = 3EEFE3792DAFB2B200F5B0FF /* HabitMinder Watch App */;
		};
		3EA5A52B300FAC3B00FF3F20 /* Exceptions for "HabitMinderWatchApp" folder in "HabitMinder Watch App" target */ = {
			isa = PBXFileSystemSynchronizedBuildFileExceptionSet;
			membershipExceptions = (
				App/HabitMinderWatchApp.swift,
				Features/HomeView.swift,
				Features/HomeViewModel.swift,
				Resources/Assets.xcassets,
				WatchConnectivity/WatchSessionManager.swift,
				WatchConnectivity/WatchSessionManaging.swift,
			);
			target = 3EEFE3792DAFB2B200F5B0FF /* HabitMinder Watch App */;
		};
/* End PBXFileSystemSynchronizedBuildFileExceptionSet section */

/* Begin PBXFileSystemSynchronizedRootGroup section */
		3E626082300D51950001D5C0 /* HabitMinder */ = {
			isa = PBXFileSystemSynchronizedRootGroup;
			exceptions = (
				3E626084300D51B60001D5C0 /* Exceptions for "HabitMinder" folder in "HabitMinder" target */,
				3E6260D7300D51E00001D5C0 /* Exceptions for "HabitMinder" folder in "HabitMinder Watch App" target */,
			);
			path = HabitMinder;
			sourceTree = "<group>";
		};
		3EA5A51A300FAC2500FF3F20 /* HabitMinderWatchApp */ = {
			isa = PBXFileSystemSynchronizedRootGroup;
			exceptions = (
				3EA5A52B300FAC3B00FF3F20 /* Exceptions for "HabitMinderWatchApp" folder in "HabitMinder Watch App" target */,
			);
			path = HabitMinderWatchApp;
			sourceTree = "<group>";
		};
/* End PBXFileSystemSynchronizedRootGroup section */

/* Begin PBXFrameworksBuildPhase section */
		3E89D6F32D9869F100E8414C /* Frameworks */ = {
			isa = PBXFrameworksBuildPhase;
			buildActionMask = 2147483647;
			files = (
			);
			runOnlyForDeploymentPostprocessing = 0;
		};
		3EEFE3772DAFB2B200F5B0FF /* Frameworks */ = {
			isa = PBXFrameworksBuildPhase;
			buildActionMask = 2147483647;
			files = (
			);
			runOnlyForDeploymentPostprocessing = 0;
		};
/* End PBXFrameworksBuildPhase section */

/* Begin PBXGroup section */
		3E89D6ED2D9869F000E8414C = {
			isa = PBXGroup;
			children = (
				3E358E8A300D71B600D03AA1 /* test.swift */,
				3E626082300D51950001D5C0 /* HabitMinder */,
				3EA5A51A300FAC2500FF3F20 /* HabitMinderWatchApp */,
				3E10AE2E3011297E0051CCB8 /* HabitMinder.app */,
				3E10AE2F3011297E0051CCB8 /* HabitMinder Watch App.app */,
			);
			sourceTree = "<group>";
		};
/* End PBXGroup section */

/* Begin PBXNativeTarget section */
		3E89D6F52D9869F100E8414C /* HabitMinder */ = {
			isa = PBXNativeTarget;
			buildConfigurationList = 3E89D7042D9869F100E8414C /* Build configuration list for PBXNativeTarget "HabitMinder" */;
			buildPhases = (
				3E89D6F22D9869F100E8414C /* Sources */,
				3E89D6F32D9869F100E8414C /* Frameworks */,
				3E89D6F42D9869F100E8414C /* Resources */,
				3EEFE3882DAFB2B300F5B0FF /* Embed Watch Content */,
			);
			buildRules = (
			);
			dependencies = (
				3EEFE3832DAFB2B300F5B0FF /* PBXTargetDependency */,
			);
			name = HabitMinder;
			packageProductDependencies = (
			);
			productName = "HabitMinder SwiftUI";
			productReference = 3E10AE2E3011297E0051CCB8 /* HabitMinder.app */;
			productType = "com.apple.product-type.application";
		};
		3EEFE3792DAFB2B200F5B0FF /* HabitMinder Watch App */ = {
			isa = PBXNativeTarget;
			buildConfigurationList = 3EEFE3852DAFB2B300F5B0FF /* Build configuration list for PBXNativeTarget "HabitMinder Watch App" */;
			buildPhases = (
				3EEFE3762DAFB2B200F5B0FF /* Sources */,
				3EEFE3772DAFB2B200F5B0FF /* Frameworks */,
				3EEFE3782DAFB2B200F5B0FF /* Resources */,
			);
			buildRules = (
			);
			dependencies = (
			);
			name = "HabitMinder Watch App";
			packageProductDependencies = (
			);
			productName = "HabitMinder Watch App";
			productReference = 3E10AE2F3011297E0051CCB8 /* HabitMinder Watch App.app */;
			productType = "com.apple.product-type.application";
		};
/* End PBXNativeTarget section */

/* Begin PBXProject section */
		3E89D6EE2D9869F000E8414C /* Project object */ = {
			isa = PBXProject;
			attributes = {
				BuildIndependentTargetsInParallel = 1;
				LastSwiftUpdateCheck = 1640;
				LastUpgradeCheck = 2600;
				TargetAttributes = {
					3E89D6F52D9869F100E8414C = {
						CreatedOnToolsVersion = 16.2;
					};
					3EEFE3792DAFB2B200F5B0FF = {
						CreatedOnToolsVersion = 16.3;
					};
				};
			};
			buildConfigurationList = 3E89D6F12D9869F000E8414C /* Build configuration list for PBXProject "HabitMinder" */;
			developmentRegion = en;
			hasScannedForEncodings = 0;
			knownRegions = (
				en,
				Base,
				nl,
				de,
				fr,
				es,
				"fa-IR",
				it,
			);
			mainGroup = 3E89D6ED2D9869F000E8414C;
			minimizedProjectReferenceProxies = 1;
			preferredProjectObjectVersion = 77;
			productRefGroup = 3E89D6ED2D9869F000E8414C;
			projectDirPath = "";
			projectRoot = "";
			targets = (
				3E89D6F52D9869F100E8414C /* HabitMinder */,
				3EEFE3792DAFB2B200F5B0FF /* HabitMinder Watch App */,
			);
		};
/* End PBXProject section */

/* Begin PBXResourcesBuildPhase section */
		3E89D6F42D9869F100E8414C /* Resources */ = {
			isa = PBXResourcesBuildPhase;
			buildActionMask = 2147483647;
			files = (
			);
			runOnlyForDeploymentPostprocessing = 0;
		};
		3EEFE3782DAFB2B200F5B0FF /* Resources */ = {
			isa = PBXResourcesBuildPhase;
			buildActionMask = 2147483647;
			files = (
			);
			runOnlyForDeploymentPostprocessing = 0;
		};
/* End PBXResourcesBuildPhase section */

/* Begin PBXSourcesBuildPhase section */
		3E89D6F22D9869F100E8414C /* Sources */ = {
			isa = PBXSourcesBuildPhase;
			buildActionMask = 2147483647;
			files = (
			);
			runOnlyForDeploymentPostprocessing = 0;
		};
		3EEFE3762DAFB2B200F5B0FF /* Sources */ = {
			isa = PBXSourcesBuildPhase;
			buildActionMask = 2147483647;
			files = (
			);
			runOnlyForDeploymentPostprocessing = 0;
		};
/* End PBXSourcesBuildPhase section */

/* Begin PBXTargetDependency section */
		3EEFE3832DAFB2B300F5B0FF /* PBXTargetDependency */ = {
			isa = PBXTargetDependency;
			target = 3EEFE3792DAFB2B200F5B0FF /* HabitMinder Watch App */;
			targetProxy = 3EEFE3822DAFB2B300F5B0FF /* PBXContainerItemProxy */;
		};
/* End PBXTargetDependency section */

/* Begin XCBuildConfiguration section */
		3E89D7022D9869F100E8414C /* Debug */ = {
			isa = XCBuildConfiguration;
			buildSettings = {
				ALWAYS_SEARCH_USER_PATHS = NO;
				ASSETCATALOG_COMPILER_GENERATE_SWIFT_ASSET_SYMBOL_EXTENSIONS = YES;
				CLANG_ANALYZER_LOCALIZABILITY_NONLOCALIZED = YES;
				CLANG_ANALYZER_NONNULL = YES;
				CLANG_ANALYZER_NUMBER_OBJECT_CONVERSION = YES_AGGRESSIVE;
				CLANG_CXX_LANGUAGE_STANDARD = "gnu++20";
				CLANG_ENABLE_MODULES = YES;
				CLANG_ENABLE_OBJC_ARC = YES;
				CLANG_ENABLE_OBJC_WEAK = YES;
				CLANG_WARN_BLOCK_CAPTURE_AUTORELEASING = YES;
				CLANG_WARN_BOOL_CONVERSION = YES;
				CLANG_WARN_COMMA = YES;
				CLANG_WARN_CONSTANT_CONVERSION = YES;
				CLANG_WARN_DEPRECATED_OBJC_IMPLEMENTATIONS = YES;
				CLANG_WARN_DIRECT_OBJC_ISA_USAGE = YES_ERROR;
				CLANG_WARN_DOCUMENTATION_COMMENTS = YES;
				CLANG_WARN_EMPTY_BODY = YES;
				CLANG_WARN_ENUM_CONVERSION = YES;
				CLANG_WARN_INFINITE_RECURSION = YES;
				CLANG_WARN_INT_CONVERSION = YES;
				CLANG_WARN_NON_LITERAL_NULL_CONVERSION = YES;
				CLANG_WARN_OBJC_IMPLICIT_RETAIN_SELF = YES;
				CLANG_WARN_OBJC_LITERAL_CONVERSION = YES;
				CLANG_WARN_OBJC_ROOT_CLASS = YES_ERROR;
				CLANG_WARN_QUOTED_INCLUDE_IN_FRAMEWORK_HEADER = YES;
				CLANG_WARN_RANGE_LOOP_ANALYSIS = YES;
				CLANG_WARN_STRICT_PROTOTYPES = YES;
				CLANG_WARN_SUSPICIOUS_MOVE = YES;
				CLANG_WARN_UNGUARDED_AVAILABILITY = YES_AGGRESSIVE;
				CLANG_WARN_UNREACHABLE_CODE = YES;
				CLANG_WARN__DUPLICATE_METHOD_MATCH = YES;
				COPY_PHASE_STRIP = NO;
				DEBUG_INFORMATION_FORMAT = dwarf;
				DEVELOPMENT_TEAM = A6WZ8YTJ2Z;
				ENABLE_STRICT_OBJC_MSGSEND = YES;
				ENABLE_TESTABILITY = YES;
				ENABLE_USER_SCRIPT_SANDBOXING = YES;
				GCC_C_LANGUAGE_STANDARD = gnu17;
				GCC_DYNAMIC_NO_PIC = NO;
				GCC_NO_COMMON_BLOCKS = YES;
				GCC_OPTIMIZATION_LEVEL = 0;
				GCC_PREPROCESSOR_DEFINITIONS = (
					"DEBUG=1",
					"$(inherited)",
				);
				GCC_WARN_64_TO_32_BIT_CONVERSION = YES;
				GCC_WARN_ABOUT_RETURN_TYPE = YES_ERROR;
				GCC_WARN_UNDECLARED_SELECTOR = YES;
				GCC_WARN_UNINITIALIZED_AUTOS = YES_AGGRESSIVE;
				GCC_WARN_UNUSED_FUNCTION = YES;
				GCC_WARN_UNUSED_VARIABLE = YES;
				IPHONEOS_DEPLOYMENT_TARGET = 18.2;
				LOCALIZATION_PREFERS_STRING_CATALOGS = YES;
				MTL_ENABLE_DEBUG_INFO = INCLUDE_SOURCE;
				MTL_FAST_MATH = YES;
				ONLY_ACTIVE_ARCH = YES;
				SDKROOT = iphoneos;
				STRING_CATALOG_GENERATE_SYMBOLS = YES;
				SWIFT_ACTIVE_COMPILATION_CONDITIONS = "DEBUG $(inherited)";
				SWIFT_EMIT_LOC_STRINGS = YES;
				SWIFT_OPTIMIZATION_LEVEL = "-Onone";
				SWIFT_VERSION = 5.0;
			};
			name = Debug;
		};
		3E89D7032D9869F100E8414C /* Release */ = {
			isa = XCBuildConfiguration;
			buildSettings = {
				ALWAYS_SEARCH_USER_PATHS = NO;
				ASSETCATALOG_COMPILER_GENERATE_SWIFT_ASSET_SYMBOL_EXTENSIONS = YES;
				CLANG_ANALYZER_LOCALIZABILITY_NONLOCALIZED = YES;
				CLANG_ANALYZER_NONNULL = YES;
				CLANG_ANALYZER_NUMBER_OBJECT_CONVERSION = YES_AGGRESSIVE;
				CLANG_CXX_LANGUAGE_STANDARD = "gnu++20";
				CLANG_ENABLE_MODULES = YES;
				CLANG_ENABLE_OBJC_ARC = YES;
				CLANG_ENABLE_OBJC_WEAK = YES;
				CLANG_WARN_BLOCK_CAPTURE_AUTORELEASING = YES;
				CLANG_WARN_BOOL_CONVERSION = YES;
				CLANG_WARN_COMMA = YES;
				CLANG_WARN_CONSTANT_CONVERSION = YES;
				CLANG_WARN_DEPRECATED_OBJC_IMPLEMENTATIONS = YES;
				CLANG_WARN_DIRECT_OBJC_ISA_USAGE = YES_ERROR;
				CLANG_WARN_DOCUMENTATION_COMMENTS = YES;
				CLANG_WARN_EMPTY_BODY = YES;
				CLANG_WARN_ENUM_CONVERSION = YES;
				CLANG_WARN_INFINITE_RECURSION = YES;
				CLANG_WARN_INT_CONVERSION = YES;
				CLANG_WARN_NON_LITERAL_NULL_CONVERSION = YES;
				CLANG_WARN_OBJC_IMPLICIT_RETAIN_SELF = YES;
				CLANG_WARN_OBJC_LITERAL_CONVERSION = YES;
				CLANG_WARN_OBJC_ROOT_CLASS = YES_ERROR;
				CLANG_WARN_QUOTED_INCLUDE_IN_FRAMEWORK_HEADER = YES;
				CLANG_WARN_RANGE_LOOP_ANALYSIS = YES;
				CLANG_WARN_STRICT_PROTOTYPES = YES;
				CLANG_WARN_SUSPICIOUS_MOVE = YES;
				CLANG_WARN_UNGUARDED_AVAILABILITY = YES_AGGRESSIVE;
				CLANG_WARN_UNREACHABLE_CODE = YES;
				CLANG_WARN__DUPLICATE_METHOD_MATCH = YES;
				COPY_PHASE_STRIP = NO;
				DEBUG_INFORMATION_FORMAT = "dwarf-with-dsym";
				DEVELOPMENT_TEAM = A6WZ8YTJ2Z;
				ENABLE_NS_ASSERTIONS = NO;
				ENABLE_STRICT_OBJC_MSGSEND = YES;
				ENABLE_USER_SCRIPT_SANDBOXING = YES;
				GCC_C_LANGUAGE_STANDARD = gnu17;
				GCC_NO_COMMON_BLOCKS = YES;
				GCC_WARN_64_TO_32_BIT_CONVERSION = YES;
				GCC_WARN_ABOUT_RETURN_TYPE = YES_ERROR;
				GCC_WARN_UNDECLARED_SELECTOR = YES;
				GCC_WARN_UNINITIALIZED_AUTOS = YES_AGGRESSIVE;
				GCC_WARN_UNUSED_FUNCTION = YES;
				GCC_WARN_UNUSED_VARIABLE = YES;
				IPHONEOS_DEPLOYMENT_TARGET = 18.2;
				LOCALIZATION_PREFERS_STRING_CATALOGS = YES;
				MTL_ENABLE_DEBUG_INFO = NO;
				MTL_FAST_MATH = YES;
				SDKROOT = iphoneos;
				STRING_CATALOG_GENERATE_SYMBOLS = YES;
				SWIFT_COMPILATION_MODE = wholemodule;
				SWIFT_EMIT_LOC_STRINGS = YES;
				SWIFT_VERSION = 5.0;
				VALIDATE_PRODUCT = YES;
			};
			name = Release;
		};
		3E89D7052D9869F100E8414C /* Debug */ = {
			isa = XCBuildConfiguration;
			buildSettings = {
				ASSETCATALOG_COMPILER_APPICON_NAME = AppIcon;
				ASSETCATALOG_COMPILER_GLOBAL_ACCENT_COLOR_NAME = AccentColor;
				CODE_SIGN_ENTITLEMENTS = HabitMinder/Shared/Resources/HabitMinder.entitlements;
				CODE_SIGN_STYLE = Automatic;
				CURRENT_PROJECT_VERSION = 1;
				DEVELOPMENT_ASSET_PATHS = "";
				DEVELOPMENT_TEAM = JFJNQ93976;
				ENABLE_PREVIEWS = YES;
				GENERATE_INFOPLIST_FILE = YES;
				INFOPLIST_FILE = "HabitMinder-SwiftUI-Info.plist";
				INFOPLIST_KEY_CFBundleDisplayName = "21 Days";
				INFOPLIST_KEY_UIApplicationSceneManifest_Generation = YES;
				INFOPLIST_KEY_UIApplicationSupportsIndirectInputEvents = YES;
				INFOPLIST_KEY_UILaunchScreen_Generation = YES;
				INFOPLIST_KEY_UILaunchStoryboardName = "Launch Screen";
				INFOPLIST_KEY_UISupportedInterfaceOrientations = "UIInterfaceOrientationLandscapeLeft UIInterfaceOrientationLandscapeRight UIInterfaceOrientationPortrait UIInterfaceOrientationPortraitUpsideDown";
				IPHONEOS_DEPLOYMENT_TARGET = 17;
				LD_RUNPATH_SEARCH_PATHS = (
					"$(inherited)",
					"@executable_path/Frameworks",
				);
				MARKETING_VERSION = 1.0.0;
				PRODUCT_BUNDLE_IDENTIFIER = com.Zambi.HabitMinder;
				PRODUCT_NAME = "$(TARGET_NAME)";
				SUPPORTED_PLATFORMS = "iphoneos iphonesimulator";
				SUPPORTS_MACCATALYST = NO;
				SUPPORTS_MAC_DESIGNED_FOR_IPHONE_IPAD = NO;
				SUPPORTS_XR_DESIGNED_FOR_IPHONE_IPAD = NO;
				SWIFT_EMIT_LOC_STRINGS = YES;
				SWIFT_STRICT_MEMORY_SAFETY = YES;
				SWIFT_VERSION = 6.0;
				TARGETED_DEVICE_FAMILY = "1,2";
			};
			name = Debug;
		};
		3E89D7062D9869F100E8414C /* Release */ = {
			isa = XCBuildConfiguration;
			buildSettings = {
				ASSETCATALOG_COMPILER_APPICON_NAME = AppIcon;
				ASSETCATALOG_COMPILER_GLOBAL_ACCENT_COLOR_NAME = AccentColor;
				CODE_SIGN_ENTITLEMENTS = HabitMinder/Shared/Resources/HabitMinder.entitlements;
				CODE_SIGN_STYLE = Automatic;
				CURRENT_PROJECT_VERSION = 1;
				DEVELOPMENT_ASSET_PATHS = "";
				DEVELOPMENT_TEAM = JFJNQ93976;
				ENABLE_PREVIEWS = YES;
				GENERATE_INFOPLIST_FILE = YES;
				INFOPLIST_FILE = "HabitMinder-SwiftUI-Info.plist";
				INFOPLIST_KEY_CFBundleDisplayName = "21 Days";
				INFOPLIST_KEY_UIApplicationSceneManifest_Generation = YES;
				INFOPLIST_KEY_UIApplicationSupportsIndirectInputEvents = YES;
				INFOPLIST_KEY_UILaunchScreen_Generation = YES;
				INFOPLIST_KEY_UILaunchStoryboardName = "Launch Screen";
				INFOPLIST_KEY_UISupportedInterfaceOrientations = "UIInterfaceOrientationLandscapeLeft UIInterfaceOrientationLandscapeRight UIInterfaceOrientationPortrait UIInterfaceOrientationPortraitUpsideDown";
				IPHONEOS_DEPLOYMENT_TARGET = 17;
				LD_RUNPATH_SEARCH_PATHS = (
					"$(inherited)",
					"@executable_path/Frameworks",
				);
				MARKETING_VERSION = 1.0.0;
				PRODUCT_BUNDLE_IDENTIFIER = com.Zambi.HabitMinder;
				PRODUCT_NAME = "$(TARGET_NAME)";
				SUPPORTED_PLATFORMS = "iphoneos iphonesimulator";
				SUPPORTS_MACCATALYST = NO;
				SUPPORTS_MAC_DESIGNED_FOR_IPHONE_IPAD = NO;
				SUPPORTS_XR_DESIGNED_FOR_IPHONE_IPAD = NO;
				SWIFT_EMIT_LOC_STRINGS = YES;
				SWIFT_STRICT_MEMORY_SAFETY = YES;
				SWIFT_VERSION = 6.0;
				TARGETED_DEVICE_FAMILY = "1,2";
			};
			name = Release;
		};
		3EEFE3862DAFB2B300F5B0FF /* Debug */ = {
			isa = XCBuildConfiguration;
			buildSettings = {
				ASSETCATALOG_COMPILER_APPICON_NAME = AppIcon;
				ASSETCATALOG_COMPILER_GLOBAL_ACCENT_COLOR_NAME = AccentColor;
				CODE_SIGN_STYLE = Automatic;
				CURRENT_PROJECT_VERSION = 1;
				ENABLE_PREVIEWS = YES;
				GENERATE_INFOPLIST_FILE = YES;
				INFOPLIST_KEY_CFBundleDisplayName = HabitMinder;
				INFOPLIST_KEY_UISupportedInterfaceOrientations = "UIInterfaceOrientationPortrait UIInterfaceOrientationPortraitUpsideDown";
				INFOPLIST_KEY_WKCompanionAppBundleIdentifier = com.HabitMinder;
				LD_RUNPATH_SEARCH_PATHS = (
					"$(inherited)",
					"@executable_path/Frameworks",
				);
				MARKETING_VERSION = 1.0;
				PRODUCT_BUNDLE_IDENTIFIER = com.HabitMinder.watchkitapp;
				PRODUCT_NAME = "$(TARGET_NAME)";
				SDKROOT = watchos;
				SKIP_INSTALL = YES;
				SWIFT_EMIT_LOC_STRINGS = YES;
				SWIFT_VERSION = 5.0;
				TARGETED_DEVICE_FAMILY = 4;
				WATCHOS_DEPLOYMENT_TARGET = 11;
			};
			name = Debug;
		};
		3EEFE3872DAFB2B300F5B0FF /* Release */ = {
			isa = XCBuildConfiguration;
			buildSettings = {
				ASSETCATALOG_COMPILER_APPICON_NAME = AppIcon;
				ASSETCATALOG_COMPILER_GLOBAL_ACCENT_COLOR_NAME = AccentColor;
				CODE_SIGN_STYLE = Automatic;
				CURRENT_PROJECT_VERSION = 1;
				ENABLE_PREVIEWS = YES;
				GENERATE_INFOPLIST_FILE = YES;
				INFOPLIST_KEY_CFBundleDisplayName = HabitMinder;
				INFOPLIST_KEY_UISupportedInterfaceOrientations = "UIInterfaceOrientationPortrait UIInterfaceOrientationPortraitUpsideDown";
				INFOPLIST_KEY_WKCompanionAppBundleIdentifier = com.HabitMinder;
				LD_RUNPATH_SEARCH_PATHS = (
					"$(inherited)",
					"@executable_path/Frameworks",
				);
				MARKETING_VERSION = 1.0;
				PRODUCT_BUNDLE_IDENTIFIER = com.HabitMinder.watchkitapp;
				PRODUCT_NAME = "$(TARGET_NAME)";
				SDKROOT = watchos;
				SKIP_INSTALL = YES;
				SWIFT_EMIT_LOC_STRINGS = YES;
				SWIFT_VERSION = 5.0;
				TARGETED_DEVICE_FAMILY = 4;
				WATCHOS_DEPLOYMENT_TARGET = 11;
			};
			name = Release;
		};
/* End XCBuildConfiguration section */

/* Begin XCConfigurationList section */
		3E89D6F12D9869F000E8414C /* Build configuration list for PBXProject "HabitMinder" */ = {
			isa = XCConfigurationList;
			buildConfigurations = (
				3E89D7022D9869F100E8414C /* Debug */,
				3E89D7032D9869F100E8414C /* Release */,
			);
			defaultConfigurationIsVisible = 0;
			defaultConfigurationName = Release;
		};
		3E89D7042D9869F100E8414C /* Build configuration list for PBXNativeTarget "HabitMinder" */ = {
			isa = XCConfigurationList;
			buildConfigurations = (
				3E89D7052D9869F100E8414C /* Debug */,
				3E89D7062D9869F100E8414C /* Release */,
			);
			defaultConfigurationIsVisible = 0;
			defaultConfigurationName = Release;
		};
		3EEFE3852DAFB2B300F5B0FF /* Build configuration list for PBXNativeTarget "HabitMinder Watch App" */ = {
			isa = XCConfigurationList;
			buildConfigurations = (
				3EEFE3862DAFB2B300F5B0FF /* Debug */,
				3EEFE3872DAFB2B300F5B0FF /* Release */,
			);
			defaultConfigurationIsVisible = 0;
			defaultConfigurationName = Release;
		};
/* End XCConfigurationList section */
	};
	rootObject = 3E89D6EE2D9869F000E8414C /* Project object */;
}
