// !$*UTF8*$!
{
	archiveVersion = 1;
	classes = {
	};
	objectVersion = 77;
	objects = {

/* Begin PBXBuildFile section */
		3E439A532DEDD28900A171B6 /* Color+RGBA.swift in Sources */ = {isa = PBXBuildFile; fileRef = 3E439A522DEDD28900A171B6 /* Color+RGBA.swift */; };
		3E495E552DE71CAB0051188A /* HomeUIState.swift in Sources */ = {isa = PBXBuildFile; fileRef = 3E495E542DE71CAA0051188A /* HomeUIState.swift */; };
		3E495E592DE722280051188A /* DropDownItemFactory.swift in Sources */ = {isa = PBXBuildFile; fileRef = 3E495E582DE722270051188A /* DropDownItemFactory.swift */; };
		3E495E5B2DE729040051188A /* HabitProgress.swift in Sources */ = {isa = PBXBuildFile; fileRef = 3E495E5A2DE729040051188A /* HabitProgress.swift */; };
		3E495E622DE745900051188A /* FutureHabitView.swift in Sources */ = {isa = PBXBuildFile; fileRef = 3E495E612DE745900051188A /* FutureHabitView.swift */; };
		3E495E642DE746700051188A /* FutureHabitViewModel.swift in Sources */ = {isa = PBXBuildFile; fileRef = 3E495E632DE7466D0051188A /* FutureHabitViewModel.swift */; };
		3E495E662DE74B8E0051188A /* FutureHabitListRowView.swift in Sources */ = {isa = PBXBuildFile; fileRef = 3E495E652DE74B8E0051188A /* FutureHabitListRowView.swift */; };
		3E495E682DE74BA50051188A /* FutureHabitItem.swift in Sources */ = {isa = PBXBuildFile; fileRef = 3E495E672DE74BA50051188A /* FutureHabitItem.swift */; };
		3E495E6A2DE74C850051188A /* FutureHabitUIState.swift in Sources */ = {isa = PBXBuildFile; fileRef = 3E495E692DE74C850051188A /* FutureHabitUIState.swift */; };
		3E495E6C2DE74EDF0051188A /* FutureHabitModel.swift in Sources */ = {isa = PBXBuildFile; fileRef = 3E495E6B2DE74EDB0051188A /* FutureHabitModel.swift */; };
		3E495E882DE777170051188A /* SetLanguageView.swift in Sources */ = {isa = PBXBuildFile; fileRef = 3E495E872DE777170051188A /* SetLanguageView.swift */; };
		3E495E8D2DE77D4E0051188A /* LanguageManager.swift in Sources */ = {isa = PBXBuildFile; fileRef = 3E495E8C2DE77D4E0051188A /* LanguageManager.swift */; };
		3E495E8F2DE7807A0051188A /* String+Localization.swift in Sources */ = {isa = PBXBuildFile; fileRef = 3E495E8E2DE7806D0051188A /* String+Localization.swift */; };
		3E495E922DE7820D0051188A /* LocalizedStrings.swift in Sources */ = {isa = PBXBuildFile; fileRef = 3EEFE3682DAFB25B00F5B0FF /* LocalizedStrings.swift */; };
		3E495E932DE782120051188A /* String+Localization.swift in Sources */ = {isa = PBXBuildFile; fileRef = 3E495E8E2DE7806D0051188A /* String+Localization.swift */; };
		3E495E942DE782190051188A /* LanguageManager.swift in Sources */ = {isa = PBXBuildFile; fileRef = 3E495E8C2DE77D4E0051188A /* LanguageManager.swift */; };
		3E495E9A2DE7834A0051188A /* AppLanguage.swift in Sources */ = {isa = PBXBuildFile; fileRef = 3E495E982DE7834A0051188A /* AppLanguage.swift */; };
		3E495E9C2DE7837F0051188A /* SetLanguageCoordinator.swift in Sources */ = {isa = PBXBuildFile; fileRef = 3E495E9B2DE7837E0051188A /* SetLanguageCoordinator.swift */; };
		3E495E9E2DE783FD0051188A /* AppLanguage.swift in Sources */ = {isa = PBXBuildFile; fileRef = 3E495E982DE7834A0051188A /* AppLanguage.swift */; };
		3E495E9F2DE78ABA0051188A /* UserDefaultsStorage.swift in Sources */ = {isa = PBXBuildFile; fileRef = 3EEFE3012DAFB20C00F5B0FF /* UserDefaultsStorage.swift */; };
		3E495EA02DE78ACB0051188A /* UserDefaultKeys.swift in Sources */ = {isa = PBXBuildFile; fileRef = 3EEFE3002DAFB20C00F5B0FF /* UserDefaultKeys.swift */; };
		3E495EA12DE78AD50051188A /* StorageKeyProtocol.swift in Sources */ = {isa = PBXBuildFile; fileRef = 3EEFE2FF2DAFB20C00F5B0FF /* StorageKeyProtocol.swift */; };
		3E495EA22DE78ADF0051188A /* UserDefaultsProtocol.swift in Sources */ = {isa = PBXBuildFile; fileRef = 3EEFE2FE2DAFB20C00F5B0FF /* UserDefaultsProtocol.swift */; };
		3E81A99C2DE862C500DCDC79 /* SettingView.swift in Sources */ = {isa = PBXBuildFile; fileRef = 3E81A99B2DE862C500DCDC79 /* SettingView.swift */; };
		3E81A9A02DE862D600DCDC79 /* SettingViewModel.swift in Sources */ = {isa = PBXBuildFile; fileRef = 3E81A99F2DE862D200DCDC79 /* SettingViewModel.swift */; };
		3E81A9A22DE8A22B00DCDC79 /* ThemeManager.swift in Sources */ = {isa = PBXBuildFile; fileRef = 3E81A9A12DE8A22A00DCDC79 /* ThemeManager.swift */; };
		3E81A9A42DE8A24000DCDC79 /* ColorPickerView.swift in Sources */ = {isa = PBXBuildFile; fileRef = 3E81A9A32DE8A23F00DCDC79 /* ColorPickerView.swift */; };
		3E81A9A62DE8A25600DCDC79 /* LanguagePickerView.swift in Sources */ = {isa = PBXBuildFile; fileRef = 3E81A9A52DE8A25600DCDC79 /* LanguagePickerView.swift */; };
		3E81A9A82DE8AF4000DCDC79 /* UserNameEditorView.swift in Sources */ = {isa = PBXBuildFile; fileRef = 3E81A9A72DE8AF4000DCDC79 /* UserNameEditorView.swift */; };
		3E8DF9E92DE4BB640021E1EF /* DropDownIcon.swift in Sources */ = {isa = PBXBuildFile; fileRef = 3E8DF9E82DE4BB620021E1EF /* DropDownIcon.swift */; };
		3E8DF9EF2DE4CAAC0021E1EF /* MainCoordinator.swift in Sources */ = {isa = PBXBuildFile; fileRef = 3E8DF9EE2DE4CAAC0021E1EF /* MainCoordinator.swift */; };
		3E8DF9F12DE4CB380021E1EF /* BaseCoordinator.swift in Sources */ = {isa = PBXBuildFile; fileRef = 3E8DF9F02DE4CB320021E1EF /* BaseCoordinator.swift */; };
		3E8DF9F32DE4CB700021E1EF /* NavigationItem.swift in Sources */ = {isa = PBXBuildFile; fileRef = 3E8DF9F22DE4CB6D0021E1EF /* NavigationItem.swift */; };
		3E8DF9F52DE4CC2A0021E1EF /* AppRoute.swift in Sources */ = {isa = PBXBuildFile; fileRef = 3E8DF9F42DE4CC280021E1EF /* AppRoute.swift */; };
		3E8DF9FB2DE4CC780021E1EF /* IntroRouter.swift in Sources */ = {isa = PBXBuildFile; fileRef = 3E8DF9FA2DE4CC730021E1EF /* IntroRouter.swift */; };
		3E8DF9FD2DE4CCBF0021E1EF /* HomeRouter.swift in Sources */ = {isa = PBXBuildFile; fileRef = 3E8DF9FC2DE4CCB60021E1EF /* HomeRouter.swift */; };
		3E8DF9FF2DE4CCF30021E1EF /* IntroCoordinator.swift in Sources */ = {isa = PBXBuildFile; fileRef = 3E8DF9FE2DE4CCED0021E1EF /* IntroCoordinator.swift */; };
		3E8DFA012DE4CD1A0021E1EF /* SetNameCoordinator.swift in Sources */ = {isa = PBXBuildFile; fileRef = 3E8DFA002DE4CD100021E1EF /* SetNameCoordinator.swift */; };
		3E8DFA032DE4CD3D0021E1EF /* WelcomeCoordinator.swift in Sources */ = {isa = PBXBuildFile; fileRef = 3E8DFA022DE4CD370021E1EF /* WelcomeCoordinator.swift */; };
		3E8DFA052DE4CD5A0021E1EF /* HomeCoordinator.swift in Sources */ = {isa = PBXBuildFile; fileRef = 3E8DFA042DE4CD530021E1EF /* HomeCoordinator.swift */; };
		3E8DFA072DE4CD7E0021E1EF /* AddHabitCoordinator.swift in Sources */ = {isa = PBXBuildFile; fileRef = 3E8DFA062DE4CD790021E1EF /* AddHabitCoordinator.swift */; };
		3E8DFA0A2DE4CDCB0021E1EF /* RootView.swift in Sources */ = {isa = PBXBuildFile; fileRef = 3E8DFA092DE4CDC50021E1EF /* RootView.swift */; };
		3E8DFA332DE5B7890021E1EF /* DataFetcher.swift in Sources */ = {isa = PBXBuildFile; fileRef = 3E8DFA322DE5B7880021E1EF /* DataFetcher.swift */; };
		3EA6CAC32D9AA13900718909 /* Preview Assets.xcassets in Resources */ = {isa = PBXBuildFile; fileRef = 3EA6CAC22D9AA13900718909 /* Preview Assets.xcassets */; };
		3EA9863E2DEB5CD60004B71B /* SetLanguageViewModel.swift in Sources */ = {isa = PBXBuildFile; fileRef = 3EA9863D2DEB5CD20004B71B /* SetLanguageViewModel.swift */; };
		3EA986472DEB67530004B71B /* PresentationStyle.swift in Sources */ = {isa = PBXBuildFile; fileRef = 3EA986462DEB67520004B71B /* PresentationStyle.swift */; };
		3EA9864B2DEB74870004B71B /* FutureHabitCoordinator.swift in Sources */ = {isa = PBXBuildFile; fileRef = 3EA9864A2DEB74860004B71B /* FutureHabitCoordinator.swift */; };
		3EA9864F2DEB74D10004B71B /* SettingCoordinator.swift in Sources */ = {isa = PBXBuildFile; fileRef = 3EA9864E2DEB74D00004B71B /* SettingCoordinator.swift */; };
		3EBDA8592DEEE631007D99F9 /* EditHabitViewModel.swift in Sources */ = {isa = PBXBuildFile; fileRef = 3EBDA8582DEEE62D007D99F9 /* EditHabitViewModel.swift */; };
		3EBDA85B2DEEE63A007D99F9 /* EditHabitView.swift in Sources */ = {isa = PBXBuildFile; fileRef = 3EBDA85A2DEEE63A007D99F9 /* EditHabitView.swift */; };
		3EBDA85F2DEEF271007D99F9 /* EditHabitCoordinator.swift in Sources */ = {isa = PBXBuildFile; fileRef = 3EBDA85E2DEEF267007D99F9 /* EditHabitCoordinator.swift */; };
		3EBDA8622DEF2194007D99F9 /* DispatchQueue+Delay.swift in Sources */ = {isa = PBXBuildFile; fileRef = 3EBDA8602DEF2194007D99F9 /* DispatchQueue+Delay.swift */; };
		3EE9241A2DB392AF0086B3F2 /* IntroUIState.swift in Sources */ = {isa = PBXBuildFile; fileRef = 3EE924192DB392AA0086B3F2 /* IntroUIState.swift */; };
		3EE9241C2DB3A37A0086B3F2 /* SetNameUIState.swift in Sources */ = {isa = PBXBuildFile; fileRef = 3EE9241B2DB3A3750086B3F2 /* SetNameUIState.swift */; };
		3EE9241E2DB3AC6A0086B3F2 /* WelcomeUIState.swift in Sources */ = {isa = PBXBuildFile; fileRef = 3EE9241D2DB3AC690086B3F2 /* WelcomeUIState.swift */; };
		3EE924222DB3B1FC0086B3F2 /* BorderState.swift in Sources */ = {isa = PBXBuildFile; fileRef = 3EE924212DB3B1FB0086B3F2 /* BorderState.swift */; };
		3EEFE2D22DAFB1E600F5B0FF /* Test.swift in Sources */ = {isa = PBXBuildFile; fileRef = 3EEFE2D12DAFB1E600F5B0FF /* Test.swift */; };
		3EEFE2D42DAFB1F000F5B0FF /* HabitMinderApp.swift in Sources */ = {isa = PBXBuildFile; fileRef = 3EEFE2D32DAFB1F000F5B0FF /* HabitMinderApp.swift */; };
		3EEFE3272DAFB20C00F5B0FF /* Image+CircularIcon.swift in Sources */ = {isa = PBXBuildFile; fileRef = 3EEFE3152DAFB20C00F5B0FF /* Image+CircularIcon.swift */; };
		3EEFE3282DAFB20C00F5B0FF /* HabitData.swift in Sources */ = {isa = PBXBuildFile; fileRef = 3EEFE3102DAFB20C00F5B0FF /* HabitData.swift */; };
		3EEFE3292DAFB20C00F5B0FF /* WelcomeViewModel.swift in Sources */ = {isa = PBXBuildFile; fileRef = 3EEFE2E02DAFB20C00F5B0FF /* WelcomeViewModel.swift */; };
		3EEFE32A2DAFB20C00F5B0FF /* UserDefaultsStorage.swift in Sources */ = {isa = PBXBuildFile; fileRef = 3EEFE3012DAFB20C00F5B0FF /* UserDefaultsStorage.swift */; };
		3EEFE32B2DAFB20C00F5B0FF /* StorageKeyProtocol.swift in Sources */ = {isa = PBXBuildFile; fileRef = 3EEFE2FF2DAFB20C00F5B0FF /* StorageKeyProtocol.swift */; };
		3EEFE32C2DAFB20C00F5B0FF /* SetNameView.swift in Sources */ = {isa = PBXBuildFile; fileRef = 3EEFE2DC2DAFB20C00F5B0FF /* SetNameView.swift */; };
		3EEFE32D2DAFB20C00F5B0FF /* HTTPContentType.swift in Sources */ = {isa = PBXBuildFile; fileRef = 3EEFE2F52DAFB20C00F5B0FF /* HTTPContentType.swift */; };
		3EEFE32E2DAFB20C00F5B0FF /* NetworkAPI.swift in Sources */ = {isa = PBXBuildFile; fileRef = 3EEFE2F82DAFB20C00F5B0FF /* NetworkAPI.swift */; };
		3EEFE32F2DAFB20C00F5B0FF /* DataManager.swift in Sources */ = {isa = PBXBuildFile; fileRef = 3EEFE2FA2DAFB20C00F5B0FF /* DataManager.swift */; };
		3EEFE3312DAFB20C00F5B0FF /* HomeNavigationTarget.swift in Sources */ = {isa = PBXBuildFile; fileRef = 3EEFE2EB2DAFB20C00F5B0FF /* HomeNavigationTarget.swift */; };
		3EEFE3332DAFB20C00F5B0FF /* SetNameViewModel.swift in Sources */ = {isa = PBXBuildFile; fileRef = 3EEFE2DD2DAFB20C00F5B0FF /* SetNameViewModel.swift */; };
		3EEFE3342DAFB20C00F5B0FF /* UserDefaultsProtocol.swift in Sources */ = {isa = PBXBuildFile; fileRef = 3EEFE2FE2DAFB20C00F5B0FF /* UserDefaultsProtocol.swift */; };
		3EEFE3352DAFB20C00F5B0FF /* HTTPMethod.swift in Sources */ = {isa = PBXBuildFile; fileRef = 3EEFE2F62DAFB20C00F5B0FF /* HTTPMethod.swift */; };
		3EEFE3362DAFB20C00F5B0FF /* DropDownSheetView.swift in Sources */ = {isa = PBXBuildFile; fileRef = 3EEFE3052DAFB20C00F5B0FF /* DropDownSheetView.swift */; };
		3EEFE3372DAFB20C00F5B0FF /* IntroViewState.swift in Sources */ = {isa = PBXBuildFile; fileRef = 3EEFE2DA2DAFB20C00F5B0FF /* IntroViewState.swift */; };
		3EEFE3382DAFB20C00F5B0FF /* WatchConnectivityService.swift in Sources */ = {isa = PBXBuildFile; fileRef = 3EEFE30D2DAFB20C00F5B0FF /* WatchConnectivityService.swift */; };
		3EEFE3392DAFB20C00F5B0FF /* HabitModel.swift in Sources */ = {isa = PBXBuildFile; fileRef = 3EEFE2D62DAFB20C00F5B0FF /* HabitModel.swift */; };
		3EEFE33A2DAFB20C00F5B0FF /* AddHabitView.swift in Sources */ = {isa = PBXBuildFile; fileRef = 3EEFE2E42DAFB20C00F5B0FF /* AddHabitView.swift */; };
		3EEFE33B2DAFB20C00F5B0FF /* DropDownItem..swift in Sources */ = {isa = PBXBuildFile; fileRef = 3EEFE3062DAFB20C00F5B0FF /* DropDownItem..swift */; };
		3EEFE33D2DAFB20C00F5B0FF /* AppIconName.swift in Sources */ = {isa = PBXBuildFile; fileRef = 3EEFE3122DAFB20C00F5B0FF /* AppIconName.swift */; };
		3EEFE33F2DAFB20C00F5B0FF /* HomeView.swift in Sources */ = {isa = PBXBuildFile; fileRef = 3EEFE2E72DAFB20C00F5B0FF /* HomeView.swift */; };
		3EEFE3402DAFB20C00F5B0FF /* HabitItem.swift in Sources */ = {isa = PBXBuildFile; fileRef = 3EEFE2EA2DAFB20C00F5B0FF /* HabitItem.swift */; };
		3EEFE3412DAFB20C00F5B0FF /* ProgressCircleView.swift in Sources */ = {isa = PBXBuildFile; fileRef = 3EEFE30A2DAFB20C00F5B0FF /* ProgressCircleView.swift */; };
		3EEFE3432DAFB20C00F5B0FF /* AddHabitViewModel.swift in Sources */ = {isa = PBXBuildFile; fileRef = 3EEFE2E52DAFB20C00F5B0FF /* AddHabitViewModel.swift */; };
		3EEFE3442DAFB20C00F5B0FF /* IntroViewModel.swift in Sources */ = {isa = PBXBuildFile; fileRef = 3EEFE2D92DAFB20C00F5B0FF /* IntroViewModel.swift */; };
		3EEFE3452DAFB20C00F5B0FF /* DropDownRowView.swift in Sources */ = {isa = PBXBuildFile; fileRef = 3EEFE3042DAFB20C00F5B0FF /* DropDownRowView.swift */; };
		3EEFE3462DAFB20C00F5B0FF /* CustomEmptyView.swift in Sources */ = {isa = PBXBuildFile; fileRef = 3EEFE3082DAFB20C00F5B0FF /* CustomEmptyView.swift */; };
		3EEFE3482DAFB20C00F5B0FF /* AuthEndpoint.swift in Sources */ = {isa = PBXBuildFile; fileRef = 3EEFE2F32DAFB20C00F5B0FF /* AuthEndpoint.swift */; };
		3EEFE3492DAFB20C00F5B0FF /* UserDefaultKeys.swift in Sources */ = {isa = PBXBuildFile; fileRef = 3EEFE3002DAFB20C00F5B0FF /* UserDefaultKeys.swift */; };
		3EEFE34A2DAFB20C00F5B0FF /* Font+AppFont.swift in Sources */ = {isa = PBXBuildFile; fileRef = 3EEFE3132DAFB20C00F5B0FF /* Font+AppFont.swift */; };
		3EEFE34B2DAFB20C00F5B0FF /* View+DismissKeyboard.swift in Sources */ = {isa = PBXBuildFile; fileRef = 3EEFE3142DAFB20C00F5B0FF /* View+DismissKeyboard.swift */; };
		3EEFE34D2DAFB20C00F5B0FF /* Endpoint.swift in Sources */ = {isa = PBXBuildFile; fileRef = 3EEFE2F42DAFB20C00F5B0FF /* Endpoint.swift */; };
		3EEFE34E2DAFB20C00F5B0FF /* WatchConnectivityDelegate.swift in Sources */ = {isa = PBXBuildFile; fileRef = 3EEFE30E2DAFB20C00F5B0FF /* WatchConnectivityDelegate.swift */; };
		3EEFE3502DAFB20C00F5B0FF /* AppLogger.swift in Sources */ = {isa = PBXBuildFile; fileRef = 3EEFE3192DAFB20C00F5B0FF /* AppLogger.swift */; };
		3EEFE3512DAFB20C00F5B0FF /* NetworkAPIError.swift in Sources */ = {isa = PBXBuildFile; fileRef = 3EEFE2F72DAFB20C00F5B0FF /* NetworkAPIError.swift */; };
		3EEFE3522DAFB20C00F5B0FF /* Types+Helpers.swift in Sources */ = {isa = PBXBuildFile; fileRef = 3EEFE3182DAFB20C00F5B0FF /* Types+Helpers.swift */; };
		3EEFE3532DAFB20C00F5B0FF /* Date+DayCounter.swift in Sources */ = {isa = PBXBuildFile; fileRef = 3EEFE3172DAFB20C00F5B0FF /* Date+DayCounter.swift */; };
		3EEFE3542DAFB20C00F5B0FF /* WatchConnectivityProviding.swift in Sources */ = {isa = PBXBuildFile; fileRef = 3EEFE30F2DAFB20C00F5B0FF /* WatchConnectivityProviding.swift */; };
		3EEFE3552DAFB20C00F5B0FF /* AppNotification.swift in Sources */ = {isa = PBXBuildFile; fileRef = 3EEFE3162DAFB20C00F5B0FF /* AppNotification.swift */; };
		3EEFE3562DAFB20C00F5B0FF /* WelcomeView.swift in Sources */ = {isa = PBXBuildFile; fileRef = 3EEFE2DF2DAFB20C00F5B0FF /* WelcomeView.swift */; };
		3EEFE3572DAFB20C00F5B0FF /* HabitListRowView.swift in Sources */ = {isa = PBXBuildFile; fileRef = 3EEFE2E92DAFB20C00F5B0FF /* HabitListRowView.swift */; };
		3EEFE3582DAFB20C00F5B0FF /* IdentifiableModel.swift in Sources */ = {isa = PBXBuildFile; fileRef = 3EEFE2FB2DAFB20C00F5B0FF /* IdentifiableModel.swift */; };
		3EEFE3592DAFB20C00F5B0FF /* QuoteResponse.swift in Sources */ = {isa = PBXBuildFile; fileRef = 3EEFE2D52DAFB20C00F5B0FF /* QuoteResponse.swift */; };
		3EEFE35A2DAFB20C00F5B0FF /* IntroView.swift in Sources */ = {isa = PBXBuildFile; fileRef = 3EEFE2D82DAFB20C00F5B0FF /* IntroView.swift */; };
		3EEFE35B2DAFB20C00F5B0FF /* HomeViewModel.swift in Sources */ = {isa = PBXBuildFile; fileRef = 3EEFE2E82DAFB20C00F5B0FF /* HomeViewModel.swift */; };
		3EEFE36F2DAFB25B00F5B0FF /* Launch Screen.storyboard in Resources */ = {isa = PBXBuildFile; fileRef = 3EEFE3642DAFB25B00F5B0FF /* Launch Screen.storyboard */; };
		3EEFE3702DAFB25B00F5B0FF /* RooneySansRegular.OTF in Resources */ = {isa = PBXBuildFile; fileRef = 3EEFE36B2DAFB25B00F5B0FF /* RooneySansRegular.OTF */; };
		3EEFE3712DAFB25B00F5B0FF /* RooneySansBold.OTF in Resources */ = {isa = PBXBuildFile; fileRef = 3EEFE36A2DAFB25B00F5B0FF /* RooneySansBold.OTF */; };
		3EEFE3722DAFB25B00F5B0FF /* Localizable.strings in Resources */ = {isa = PBXBuildFile; fileRef = 3EEFE3672DAFB25B00F5B0FF /* Localizable.strings */; };
		3EEFE3732DAFB25B00F5B0FF /* Assets.xcassets in Resources */ = {isa = PBXBuildFile; fileRef = 3EEFE3622DAFB25B00F5B0FF /* Assets.xcassets */; };
		3EEFE3742DAFB25B00F5B0FF /* LocalizedStrings.swift in Sources */ = {isa = PBXBuildFile; fileRef = 3EEFE3682DAFB25B00F5B0FF /* LocalizedStrings.swift */; };
		3EEFE3752DAFB25B00F5B0FF /* IntroImage.swift in Sources */ = {isa = PBXBuildFile; fileRef = 3EEFE3652DAFB25B00F5B0FF /* IntroImage.swift */; };
		3EEFE3842DAFB2B300F5B0FF /* HabitMinder Watch App.app in Embed Watch Content */ = {isa = PBXBuildFile; fileRef = 3EEFE37A2DAFB2B200F5B0FF /* HabitMinder Watch App.app */; settings = {ATTRIBUTES = (RemoveHeadersOnCopy, ); }; };
		3EEFE3932DAFB2E800F5B0FF /* HomeView.swift in Sources */ = {isa = PBXBuildFile; fileRef = 3EEFE38C2DAFB2E800F5B0FF /* HomeView.swift */; };
		3EEFE3942DAFB2E800F5B0FF /* HomeViewModel.swift in Sources */ = {isa = PBXBuildFile; fileRef = 3EEFE38D2DAFB2E800F5B0FF /* HomeViewModel.swift */; };
		3EEFE3952DAFB2E800F5B0FF /* HabitMinderApp.swift in Sources */ = {isa = PBXBuildFile; fileRef = 3EEFE38A2DAFB2E800F5B0FF /* HabitMinderApp.swift */; };
		3EEFE3962DAFB2E800F5B0FF /* WatchSessionManager.swift in Sources */ = {isa = PBXBuildFile; fileRef = 3EEFE38F2DAFB2E800F5B0FF /* WatchSessionManager.swift */; };
		3EEFE3972DAFB2E800F5B0FF /* Assets.xcassets in Resources */ = {isa = PBXBuildFile; fileRef = 3EEFE3912DAFB2E800F5B0FF /* Assets.xcassets */; };
		3EEFE3982DAFB31700F5B0FF /* HabitData.swift in Sources */ = {isa = PBXBuildFile; fileRef = 3EEFE3102DAFB20C00F5B0FF /* HabitData.swift */; };
		3EEFE39A2DAFB34500F5B0FF /* AppLogger.swift in Sources */ = {isa = PBXBuildFile; fileRef = 3EEFE3192DAFB20C00F5B0FF /* AppLogger.swift */; };
		3EEFE39B2DAFB49000F5B0FF /* Localizable.strings in Resources */ = {isa = PBXBuildFile; fileRef = 3EEFE3672DAFB25B00F5B0FF /* Localizable.strings */; };
		3EF4991A2DF331B5001A31FE /* AddHabitUIState.swift in Sources */ = {isa = PBXBuildFile; fileRef = 3EF499192DF331AE001A31FE /* AddHabitUIState.swift */; };
		3EF4991C2DF334F5001A31FE /* EditHabitUIState.swift in Sources */ = {isa = PBXBuildFile; fileRef = 3EF4991B2DF334EE001A31FE /* EditHabitUIState.swift */; };
/* End PBXBuildFile section */

/* Begin PBXContainerItemProxy section */
		3EEFE3822DAFB2B300F5B0FF /* PBXContainerItemProxy */ = {
			isa = PBXContainerItemProxy;
			containerPortal = 3E89D6EE2D9869F000E8414C /* Project object */;
			proxyType = 1;
			remoteGlobalIDString = 3EEFE3792DAFB2B200F5B0FF;
			remoteInfo = "HabitMinder Watch App";
		};
/* End PBXContainerItemProxy section */

/* Begin PBXCopyFilesBuildPhase section */
		3EEFE3882DAFB2B300F5B0FF /* Embed Watch Content */ = {
			isa = PBXCopyFilesBuildPhase;
			buildActionMask = 2147483647;
			dstPath = "$(CONTENTS_FOLDER_PATH)/Watch";
			dstSubfolderSpec = 16;
			files = (
				3EEFE3842DAFB2B300F5B0FF /* HabitMinder Watch App.app in Embed Watch Content */,
			);
			name = "Embed Watch Content";
			runOnlyForDeploymentPostprocessing = 0;
		};
/* End PBXCopyFilesBuildPhase section */

/* Begin PBXFileReference section */
		3E439A522DEDD28900A171B6 /* Color+RGBA.swift */ = {isa = PBXFileReference; lastKnownFileType = sourcecode.swift; path = "Color+RGBA.swift"; sourceTree = "<group>"; };
		3E495E542DE71CAA0051188A /* HomeUIState.swift */ = {isa = PBXFileReference; lastKnownFileType = sourcecode.swift; path = HomeUIState.swift; sourceTree = "<group>"; };
		3E495E582DE722270051188A /* DropDownItemFactory.swift */ = {isa = PBXFileReference; lastKnownFileType = sourcecode.swift; path = DropDownItemFactory.swift; sourceTree = "<group>"; };
		3E495E5A2DE729040051188A /* HabitProgress.swift */ = {isa = PBXFileReference; lastKnownFileType = sourcecode.swift; path = HabitProgress.swift; sourceTree = "<group>"; };
		3E495E612DE745900051188A /* FutureHabitView.swift */ = {isa = PBXFileReference; lastKnownFileType = sourcecode.swift; path = FutureHabitView.swift; sourceTree = "<group>"; };
		3E495E632DE7466D0051188A /* FutureHabitViewModel.swift */ = {isa = PBXFileReference; lastKnownFileType = sourcecode.swift; path = FutureHabitViewModel.swift; sourceTree = "<group>"; };
		3E495E652DE74B8E0051188A /* FutureHabitListRowView.swift */ = {isa = PBXFileReference; lastKnownFileType = sourcecode.swift; path = FutureHabitListRowView.swift; sourceTree = "<group>"; };
		3E495E672DE74BA50051188A /* FutureHabitItem.swift */ = {isa = PBXFileReference; lastKnownFileType = sourcecode.swift; path = FutureHabitItem.swift; sourceTree = "<group>"; };
		3E495E692DE74C850051188A /* FutureHabitUIState.swift */ = {isa = PBXFileReference; lastKnownFileType = sourcecode.swift; path = FutureHabitUIState.swift; sourceTree = "<group>"; };
		3E495E6B2DE74EDB0051188A /* FutureHabitModel.swift */ = {isa = PBXFileReference; lastKnownFileType = sourcecode.swift; path = FutureHabitModel.swift; sourceTree = "<group>"; };
		3E495E862DE775D80051188A /* nl */ = {isa = PBXFileReference; lastKnownFileType = text.plist.strings; name = nl; path = nl.lproj/Localizable.strings; sourceTree = "<group>"; };
		3E495E872DE777170051188A /* SetLanguageView.swift */ = {isa = PBXFileReference; lastKnownFileType = sourcecode.swift; path = SetLanguageView.swift; sourceTree = "<group>"; };
		3E495E8C2DE77D4E0051188A /* LanguageManager.swift */ = {isa = PBXFileReference; lastKnownFileType = sourcecode.swift; path = LanguageManager.swift; sourceTree = "<group>"; };
		3E495E8E2DE7806D0051188A /* String+Localization.swift */ = {isa = PBXFileReference; lastKnownFileType = sourcecode.swift; path = "String+Localization.swift"; sourceTree = "<group>"; };
		3E495E982DE7834A0051188A /* AppLanguage.swift */ = {isa = PBXFileReference; lastKnownFileType = sourcecode.swift; path = AppLanguage.swift; sourceTree = "<group>"; };
		3E495E9B2DE7837E0051188A /* SetLanguageCoordinator.swift */ = {isa = PBXFileReference; lastKnownFileType = sourcecode.swift; path = SetLanguageCoordinator.swift; sourceTree = "<group>"; };
		3E81A99B2DE862C500DCDC79 /* SettingView.swift */ = {isa = PBXFileReference; lastKnownFileType = sourcecode.swift; path = SettingView.swift; sourceTree = "<group>"; };
		3E81A99F2DE862D200DCDC79 /* SettingViewModel.swift */ = {isa = PBXFileReference; lastKnownFileType = sourcecode.swift; path = SettingViewModel.swift; sourceTree = "<group>"; };
		3E81A9A12DE8A22A00DCDC79 /* ThemeManager.swift */ = {isa = PBXFileReference; lastKnownFileType = sourcecode.swift; path = ThemeManager.swift; sourceTree = "<group>"; };
		3E81A9A32DE8A23F00DCDC79 /* ColorPickerView.swift */ = {isa = PBXFileReference; lastKnownFileType = sourcecode.swift; path = ColorPickerView.swift; sourceTree = "<group>"; };
		3E81A9A52DE8A25600DCDC79 /* LanguagePickerView.swift */ = {isa = PBXFileReference; lastKnownFileType = sourcecode.swift; path = LanguagePickerView.swift; sourceTree = "<group>"; };
		3E81A9A72DE8AF4000DCDC79 /* UserNameEditorView.swift */ = {isa = PBXFileReference; lastKnownFileType = sourcecode.swift; path = UserNameEditorView.swift; sourceTree = "<group>"; };
		3E89D6F62D9869F100E8414C /* HabitMinder SwiftUI.app */ = {isa = PBXFileReference; explicitFileType = wrapper.application; includeInIndex = 0; path = "HabitMinder SwiftUI.app"; sourceTree = BUILT_PRODUCTS_DIR; };
		3E8DF9E82DE4BB620021E1EF /* DropDownIcon.swift */ = {isa = PBXFileReference; lastKnownFileType = sourcecode.swift; path = DropDownIcon.swift; sourceTree = "<group>"; };
		3E8DF9EE2DE4CAAC0021E1EF /* MainCoordinator.swift */ = {isa = PBXFileReference; lastKnownFileType = sourcecode.swift; path = MainCoordinator.swift; sourceTree = "<group>"; };
		3E8DF9F02DE4CB320021E1EF /* BaseCoordinator.swift */ = {isa = PBXFileReference; lastKnownFileType = sourcecode.swift; path = BaseCoordinator.swift; sourceTree = "<group>"; };
		3E8DF9F22DE4CB6D0021E1EF /* NavigationItem.swift */ = {isa = PBXFileReference; lastKnownFileType = sourcecode.swift; path = NavigationItem.swift; sourceTree = "<group>"; };
		3E8DF9F42DE4CC280021E1EF /* AppRoute.swift */ = {isa = PBXFileReference; lastKnownFileType = sourcecode.swift; path = AppRoute.swift; sourceTree = "<group>"; };
		3E8DF9FA2DE4CC730021E1EF /* IntroRouter.swift */ = {isa = PBXFileReference; lastKnownFileType = sourcecode.swift; path = IntroRouter.swift; sourceTree = "<group>"; };
		3E8DF9FC2DE4CCB60021E1EF /* HomeRouter.swift */ = {isa = PBXFileReference; lastKnownFileType = sourcecode.swift; path = HomeRouter.swift; sourceTree = "<group>"; };
		3E8DF9FE2DE4CCED0021E1EF /* IntroCoordinator.swift */ = {isa = PBXFileReference; lastKnownFileType = sourcecode.swift; path = IntroCoordinator.swift; sourceTree = "<group>"; };
		3E8DFA002DE4CD100021E1EF /* SetNameCoordinator.swift */ = {isa = PBXFileReference; lastKnownFileType = sourcecode.swift; path = SetNameCoordinator.swift; sourceTree = "<group>"; };
		3E8DFA022DE4CD370021E1EF /* WelcomeCoordinator.swift */ = {isa = PBXFileReference; lastKnownFileType = sourcecode.swift; path = WelcomeCoordinator.swift; sourceTree = "<group>"; };
		3E8DFA042DE4CD530021E1EF /* HomeCoordinator.swift */ = {isa = PBXFileReference; lastKnownFileType = sourcecode.swift; path = HomeCoordinator.swift; sourceTree = "<group>"; };
		3E8DFA062DE4CD790021E1EF /* AddHabitCoordinator.swift */ = {isa = PBXFileReference; lastKnownFileType = sourcecode.swift; path = AddHabitCoordinator.swift; sourceTree = "<group>"; };
		3E8DFA092DE4CDC50021E1EF /* RootView.swift */ = {isa = PBXFileReference; lastKnownFileType = sourcecode.swift; path = RootView.swift; sourceTree = "<group>"; };
		3E8DFA322DE5B7880021E1EF /* DataFetcher.swift */ = {isa = PBXFileReference; lastKnownFileType = sourcecode.swift; path = DataFetcher.swift; sourceTree = "<group>"; };
		3EA6CAC22D9AA13900718909 /* Preview Assets.xcassets */ = {isa = PBXFileReference; lastKnownFileType = folder.assetcatalog; path = "Preview Assets.xcassets"; sourceTree = "<group>"; };
		3EA9863D2DEB5CD20004B71B /* SetLanguageViewModel.swift */ = {isa = PBXFileReference; lastKnownFileType = sourcecode.swift; path = SetLanguageViewModel.swift; sourceTree = "<group>"; };
		3EA986462DEB67520004B71B /* PresentationStyle.swift */ = {isa = PBXFileReference; lastKnownFileType = sourcecode.swift; path = PresentationStyle.swift; sourceTree = "<group>"; };
		3EA9864A2DEB74860004B71B /* FutureHabitCoordinator.swift */ = {isa = PBXFileReference; lastKnownFileType = sourcecode.swift; path = FutureHabitCoordinator.swift; sourceTree = "<group>"; };
		3EA9864E2DEB74D00004B71B /* SettingCoordinator.swift */ = {isa = PBXFileReference; lastKnownFileType = sourcecode.swift; path = SettingCoordinator.swift; sourceTree = "<group>"; };
		3EBDA8582DEEE62D007D99F9 /* EditHabitViewModel.swift */ = {isa = PBXFileReference; lastKnownFileType = sourcecode.swift; path = EditHabitViewModel.swift; sourceTree = "<group>"; };
		3EBDA85A2DEEE63A007D99F9 /* EditHabitView.swift */ = {isa = PBXFileReference; lastKnownFileType = sourcecode.swift; path = EditHabitView.swift; sourceTree = "<group>"; };
		3EBDA85E2DEEF267007D99F9 /* EditHabitCoordinator.swift */ = {isa = PBXFileReference; lastKnownFileType = sourcecode.swift; path = EditHabitCoordinator.swift; sourceTree = "<group>"; };
		3EBDA8602DEF2194007D99F9 /* DispatchQueue+Delay.swift */ = {isa = PBXFileReference; lastKnownFileType = sourcecode.swift; path = "DispatchQueue+Delay.swift"; sourceTree = "<group>"; };
		3EE924192DB392AA0086B3F2 /* IntroUIState.swift */ = {isa = PBXFileReference; lastKnownFileType = sourcecode.swift; path = IntroUIState.swift; sourceTree = "<group>"; };
		3EE9241B2DB3A3750086B3F2 /* SetNameUIState.swift */ = {isa = PBXFileReference; lastKnownFileType = sourcecode.swift; path = SetNameUIState.swift; sourceTree = "<group>"; };
		3EE9241D2DB3AC690086B3F2 /* WelcomeUIState.swift */ = {isa = PBXFileReference; lastKnownFileType = sourcecode.swift; path = WelcomeUIState.swift; sourceTree = "<group>"; };
		3EE924212DB3B1FB0086B3F2 /* BorderState.swift */ = {isa = PBXFileReference; lastKnownFileType = sourcecode.swift; path = BorderState.swift; sourceTree = "<group>"; };
		3EEFE2D12DAFB1E600F5B0FF /* Test.swift */ = {isa = PBXFileReference; lastKnownFileType = sourcecode.swift; path = Test.swift; sourceTree = "<group>"; };
		3EEFE2D32DAFB1F000F5B0FF /* HabitMinderApp.swift */ = {isa = PBXFileReference; lastKnownFileType = sourcecode.swift; path = HabitMinderApp.swift; sourceTree = "<group>"; };
		3EEFE2D52DAFB20C00F5B0FF /* QuoteResponse.swift */ = {isa = PBXFileReference; lastKnownFileType = sourcecode.swift; path = QuoteResponse.swift; sourceTree = "<group>"; };
		3EEFE2D62DAFB20C00F5B0FF /* HabitModel.swift */ = {isa = PBXFileReference; lastKnownFileType = sourcecode.swift; path = HabitModel.swift; sourceTree = "<group>"; };
		3EEFE2D82DAFB20C00F5B0FF /* IntroView.swift */ = {isa = PBXFileReference; lastKnownFileType = sourcecode.swift; path = IntroView.swift; sourceTree = "<group>"; };
		3EEFE2D92DAFB20C00F5B0FF /* IntroViewModel.swift */ = {isa = PBXFileReference; lastKnownFileType = sourcecode.swift; path = IntroViewModel.swift; sourceTree = "<group>"; };
		3EEFE2DA2DAFB20C00F5B0FF /* IntroViewState.swift */ = {isa = PBXFileReference; lastKnownFileType = sourcecode.swift; path = IntroViewState.swift; sourceTree = "<group>"; };
		3EEFE2DC2DAFB20C00F5B0FF /* SetNameView.swift */ = {isa = PBXFileReference; lastKnownFileType = sourcecode.swift; path = SetNameView.swift; sourceTree = "<group>"; };
		3EEFE2DD2DAFB20C00F5B0FF /* SetNameViewModel.swift */ = {isa = PBXFileReference; lastKnownFileType = sourcecode.swift; path = SetNameViewModel.swift; sourceTree = "<group>"; };
		3EEFE2DF2DAFB20C00F5B0FF /* WelcomeView.swift */ = {isa = PBXFileReference; lastKnownFileType = sourcecode.swift; path = WelcomeView.swift; sourceTree = "<group>"; };
		3EEFE2E02DAFB20C00F5B0FF /* WelcomeViewModel.swift */ = {isa = PBXFileReference; lastKnownFileType = sourcecode.swift; path = WelcomeViewModel.swift; sourceTree = "<group>"; };
		3EEFE2E42DAFB20C00F5B0FF /* AddHabitView.swift */ = {isa = PBXFileReference; lastKnownFileType = sourcecode.swift; path = AddHabitView.swift; sourceTree = "<group>"; };
		3EEFE2E52DAFB20C00F5B0FF /* AddHabitViewModel.swift */ = {isa = PBXFileReference; lastKnownFileType = sourcecode.swift; path = AddHabitViewModel.swift; sourceTree = "<group>"; };
		3EEFE2E72DAFB20C00F5B0FF /* HomeView.swift */ = {isa = PBXFileReference; lastKnownFileType = sourcecode.swift; path = HomeView.swift; sourceTree = "<group>"; };
		3EEFE2E82DAFB20C00F5B0FF /* HomeViewModel.swift */ = {isa = PBXFileReference; lastKnownFileType = sourcecode.swift; path = HomeViewModel.swift; sourceTree = "<group>"; };
		3EEFE2E92DAFB20C00F5B0FF /* HabitListRowView.swift */ = {isa = PBXFileReference; lastKnownFileType = sourcecode.swift; path = HabitListRowView.swift; sourceTree = "<group>"; };
		3EEFE2EA2DAFB20C00F5B0FF /* HabitItem.swift */ = {isa = PBXFileReference; lastKnownFileType = sourcecode.swift; path = HabitItem.swift; sourceTree = "<group>"; };
		3EEFE2EB2DAFB20C00F5B0FF /* HomeNavigationTarget.swift */ = {isa = PBXFileReference; lastKnownFileType = sourcecode.swift; path = HomeNavigationTarget.swift; sourceTree = "<group>"; };
		3EEFE2F32DAFB20C00F5B0FF /* AuthEndpoint.swift */ = {isa = PBXFileReference; lastKnownFileType = sourcecode.swift; path = AuthEndpoint.swift; sourceTree = "<group>"; };
		3EEFE2F42DAFB20C00F5B0FF /* Endpoint.swift */ = {isa = PBXFileReference; lastKnownFileType = sourcecode.swift; path = Endpoint.swift; sourceTree = "<group>"; };
		3EEFE2F52DAFB20C00F5B0FF /* HTTPContentType.swift */ = {isa = PBXFileReference; lastKnownFileType = sourcecode.swift; path = HTTPContentType.swift; sourceTree = "<group>"; };
		3EEFE2F62DAFB20C00F5B0FF /* HTTPMethod.swift */ = {isa = PBXFileReference; lastKnownFileType = sourcecode.swift; path = HTTPMethod.swift; sourceTree = "<group>"; };
		3EEFE2F72DAFB20C00F5B0FF /* NetworkAPIError.swift */ = {isa = PBXFileReference; lastKnownFileType = sourcecode.swift; path = NetworkAPIError.swift; sourceTree = "<group>"; };
		3EEFE2F82DAFB20C00F5B0FF /* NetworkAPI.swift */ = {isa = PBXFileReference; lastKnownFileType = sourcecode.swift; path = NetworkAPI.swift; sourceTree = "<group>"; };
		3EEFE2FA2DAFB20C00F5B0FF /* DataManager.swift */ = {isa = PBXFileReference; lastKnownFileType = sourcecode.swift; path = DataManager.swift; sourceTree = "<group>"; };
		3EEFE2FB2DAFB20C00F5B0FF /* IdentifiableModel.swift */ = {isa = PBXFileReference; lastKnownFileType = sourcecode.swift; path = IdentifiableModel.swift; sourceTree = "<group>"; };
		3EEFE2FE2DAFB20C00F5B0FF /* UserDefaultsProtocol.swift */ = {isa = PBXFileReference; lastKnownFileType = sourcecode.swift; path = UserDefaultsProtocol.swift; sourceTree = "<group>"; };
		3EEFE2FF2DAFB20C00F5B0FF /* StorageKeyProtocol.swift */ = {isa = PBXFileReference; lastKnownFileType = sourcecode.swift; path = StorageKeyProtocol.swift; sourceTree = "<group>"; };
		3EEFE3002DAFB20C00F5B0FF /* UserDefaultKeys.swift */ = {isa = PBXFileReference; lastKnownFileType = sourcecode.swift; path = UserDefaultKeys.swift; sourceTree = "<group>"; };
		3EEFE3012DAFB20C00F5B0FF /* UserDefaultsStorage.swift */ = {isa = PBXFileReference; lastKnownFileType = sourcecode.swift; path = UserDefaultsStorage.swift; sourceTree = "<group>"; };
		3EEFE3042DAFB20C00F5B0FF /* DropDownRowView.swift */ = {isa = PBXFileReference; lastKnownFileType = sourcecode.swift; path = DropDownRowView.swift; sourceTree = "<group>"; };
		3EEFE3052DAFB20C00F5B0FF /* DropDownSheetView.swift */ = {isa = PBXFileReference; lastKnownFileType = sourcecode.swift; path = DropDownSheetView.swift; sourceTree = "<group>"; };
		3EEFE3062DAFB20C00F5B0FF /* DropDownItem..swift */ = {isa = PBXFileReference; lastKnownFileType = sourcecode.swift; path = DropDownItem..swift; sourceTree = "<group>"; };
		3EEFE3082DAFB20C00F5B0FF /* CustomEmptyView.swift */ = {isa = PBXFileReference; lastKnownFileType = sourcecode.swift; path = CustomEmptyView.swift; sourceTree = "<group>"; };
		3EEFE30A2DAFB20C00F5B0FF /* ProgressCircleView.swift */ = {isa = PBXFileReference; lastKnownFileType = sourcecode.swift; path = ProgressCircleView.swift; sourceTree = "<group>"; };
		3EEFE30D2DAFB20C00F5B0FF /* WatchConnectivityService.swift */ = {isa = PBXFileReference; lastKnownFileType = sourcecode.swift; path = WatchConnectivityService.swift; sourceTree = "<group>"; };
		3EEFE30E2DAFB20C00F5B0FF /* WatchConnectivityDelegate.swift */ = {isa = PBXFileReference; lastKnownFileType = sourcecode.swift; path = WatchConnectivityDelegate.swift; sourceTree = "<group>"; };
		3EEFE30F2DAFB20C00F5B0FF /* WatchConnectivityProviding.swift */ = {isa = PBXFileReference; lastKnownFileType = sourcecode.swift; path = WatchConnectivityProviding.swift; sourceTree = "<group>"; };
		3EEFE3102DAFB20C00F5B0FF /* HabitData.swift */ = {isa = PBXFileReference; lastKnownFileType = sourcecode.swift; path = HabitData.swift; sourceTree = "<group>"; };
		3EEFE3122DAFB20C00F5B0FF /* AppIconName.swift */ = {isa = PBXFileReference; lastKnownFileType = sourcecode.swift; path = AppIconName.swift; sourceTree = "<group>"; };
		3EEFE3132DAFB20C00F5B0FF /* Font+AppFont.swift */ = {isa = PBXFileReference; lastKnownFileType = sourcecode.swift; path = "Font+AppFont.swift"; sourceTree = "<group>"; };
		3EEFE3142DAFB20C00F5B0FF /* View+DismissKeyboard.swift */ = {isa = PBXFileReference; lastKnownFileType = sourcecode.swift; path = "View+DismissKeyboard.swift"; sourceTree = "<group>"; };
		3EEFE3152DAFB20C00F5B0FF /* Image+CircularIcon.swift */ = {isa = PBXFileReference; lastKnownFileType = sourcecode.swift; path = "Image+CircularIcon.swift"; sourceTree = "<group>"; };
		3EEFE3162DAFB20C00F5B0FF /* AppNotification.swift */ = {isa = PBXFileReference; lastKnownFileType = sourcecode.swift; path = AppNotification.swift; sourceTree = "<group>"; };
		3EEFE3172DAFB20C00F5B0FF /* Date+DayCounter.swift */ = {isa = PBXFileReference; lastKnownFileType = sourcecode.swift; path = "Date+DayCounter.swift"; sourceTree = "<group>"; };
		3EEFE3182DAFB20C00F5B0FF /* Types+Helpers.swift */ = {isa = PBXFileReference; lastKnownFileType = sourcecode.swift; path = "Types+Helpers.swift"; sourceTree = "<group>"; };
		3EEFE3192DAFB20C00F5B0FF /* AppLogger.swift */ = {isa = PBXFileReference; lastKnownFileType = sourcecode.swift; path = AppLogger.swift; sourceTree = "<group>"; };
		3EEFE3622DAFB25B00F5B0FF /* Assets.xcassets */ = {isa = PBXFileReference; lastKnownFileType = folder.assetcatalog; path = Assets.xcassets; sourceTree = "<group>"; };
		3EEFE3642DAFB25B00F5B0FF /* Launch Screen.storyboard */ = {isa = PBXFileReference; lastKnownFileType = file.storyboard; path = "Launch Screen.storyboard"; sourceTree = "<group>"; };
		3EEFE3652DAFB25B00F5B0FF /* IntroImage.swift */ = {isa = PBXFileReference; lastKnownFileType = sourcecode.swift; path = IntroImage.swift; sourceTree = "<group>"; };
		3EEFE3662DAFB25B00F5B0FF /* Localizable.strings */ = {isa = PBXFileReference; lastKnownFileType = text.plist.strings; name = Localizable.strings; path = en.lproj/Localizable.strings; sourceTree = "<group>"; };
		3EEFE3682DAFB25B00F5B0FF /* LocalizedStrings.swift */ = {isa = PBXFileReference; lastKnownFileType = sourcecode.swift; path = LocalizedStrings.swift; sourceTree = "<group>"; };
		3EEFE36A2DAFB25B00F5B0FF /* RooneySansBold.OTF */ = {isa = PBXFileReference; lastKnownFileType = file; path = RooneySansBold.OTF; sourceTree = "<group>"; };
		3EEFE36B2DAFB25B00F5B0FF /* RooneySansRegular.OTF */ = {isa = PBXFileReference; lastKnownFileType = file; path = RooneySansRegular.OTF; sourceTree = "<group>"; };
		3EEFE37A2DAFB2B200F5B0FF /* HabitMinder Watch App.app */ = {isa = PBXFileReference; explicitFileType = wrapper.application; includeInIndex = 0; path = "HabitMinder Watch App.app"; sourceTree = BUILT_PRODUCTS_DIR; };
		3EEFE38A2DAFB2E800F5B0FF /* HabitMinderApp.swift */ = {isa = PBXFileReference; lastKnownFileType = sourcecode.swift; path = HabitMinderApp.swift; sourceTree = "<group>"; };
		3EEFE38C2DAFB2E800F5B0FF /* HomeView.swift */ = {isa = PBXFileReference; lastKnownFileType = sourcecode.swift; path = HomeView.swift; sourceTree = "<group>"; };
		3EEFE38D2DAFB2E800F5B0FF /* HomeViewModel.swift */ = {isa = PBXFileReference; lastKnownFileType = sourcecode.swift; path = HomeViewModel.swift; sourceTree = "<group>"; };
		3EEFE38F2DAFB2E800F5B0FF /* WatchSessionManager.swift */ = {isa = PBXFileReference; lastKnownFileType = sourcecode.swift; path = WatchSessionManager.swift; sourceTree = "<group>"; };
		3EEFE3912DAFB2E800F5B0FF /* Assets.xcassets */ = {isa = PBXFileReference; lastKnownFileType = folder.assetcatalog; path = Assets.xcassets; sourceTree = "<group>"; };
		3EF499192DF331AE001A31FE /* AddHabitUIState.swift */ = {isa = PBXFileReference; lastKnownFileType = sourcecode.swift; path = AddHabitUIState.swift; sourceTree = "<group>"; };
		3EF4991B2DF334EE001A31FE /* EditHabitUIState.swift */ = {isa = PBXFileReference; lastKnownFileType = sourcecode.swift; path = EditHabitUIState.swift; sourceTree = "<group>"; };
/* End PBXFileReference section */

/* Begin PBXFrameworksBuildPhase section */
		3E89D6F32D9869F100E8414C /* Frameworks */ = {
			isa = PBXFrameworksBuildPhase;
			buildActionMask = 2147483647;
			files = (
			);
			runOnlyForDeploymentPostprocessing = 0;
		};
		3EEFE3772DAFB2B200F5B0FF /* Frameworks */ = {
			isa = PBXFrameworksBuildPhase;
			buildActionMask = 2147483647;
			files = (
			);
			runOnlyForDeploymentPostprocessing = 0;
		};
/* End PBXFrameworksBuildPhase section */

/* Begin PBXGroup section */
		3E1470092D9A87580064D6AD /* HabitMinder SwiftUI */ = {
			isa = PBXGroup;
			children = (
				3EEFE2D12DAFB1E600F5B0FF /* Test.swift */,
				3EBBC0212D9BF1500064D04B /* App */,
				3E8DFA362DE5B8160021E1EF /* Core */,
				3EEFE2ED2DAFB20C00F5B0FF /* Features */,
				3E8DFA352DE5B7E30021E1EF /* Shared */,
				3EEFE3112DAFB20C00F5B0FF /* Watch */,
				3EA6CAC42D9AA17600718909 /* Preview Content */,
			);
			path = "HabitMinder SwiftUI";
			sourceTree = "<group>";
		};
		3E495E5E2DE745460051188A /* FutureHabit */ = {
			isa = PBXGroup;
			children = (
				3E495E612DE745900051188A /* FutureHabitView.swift */,
				3E495E632DE7466D0051188A /* FutureHabitViewModel.swift */,
				3EA9864A2DEB74860004B71B /* FutureHabitCoordinator.swift */,
				3E495E692DE74C850051188A /* FutureHabitUIState.swift */,
				3E495E652DE74B8E0051188A /* FutureHabitListRowView.swift */,
				3E495E672DE74BA50051188A /* FutureHabitItem.swift */,
			);
			path = FutureHabit;
			sourceTree = "<group>";
		};
		3E495E952DE7831B0051188A /* SetLanguage */ = {
			isa = PBXGroup;
			children = (
				3E495E872DE777170051188A /* SetLanguageView.swift */,
				3EA9863D2DEB5CD20004B71B /* SetLanguageViewModel.swift */,
				3E495E9B2DE7837E0051188A /* SetLanguageCoordinator.swift */,
			);
			path = SetLanguage;
			sourceTree = "<group>";
		};
		3E81A9982DE8629B00DCDC79 /* Setting */ = {
			isa = PBXGroup;
			children = (
				3E81A99B2DE862C500DCDC79 /* SettingView.swift */,
				3E81A99F2DE862D200DCDC79 /* SettingViewModel.swift */,
				3EA9864E2DEB74D00004B71B /* SettingCoordinator.swift */,
				3E81A9A72DE8AF4000DCDC79 /* UserNameEditorView.swift */,
				3E81A9A52DE8A25600DCDC79 /* LanguagePickerView.swift */,
				3E81A9A32DE8A23F00DCDC79 /* ColorPickerView.swift */,
			);
			path = Setting;
			sourceTree = "<group>";
		};
		3E89D6ED2D9869F000E8414C = {
			isa = PBXGroup;
			children = (
				3E1470092D9A87580064D6AD /* HabitMinder SwiftUI */,
				3EEFE3892DAFB2C600F5B0FF /* HabitMinder Watch App */,
				3E89D6F72D9869F100E8414C /* Products */,
			);
			sourceTree = "<group>";
		};
		3E89D6F72D9869F100E8414C /* Products */ = {
			isa = PBXGroup;
			children = (
				3E89D6F62D9869F100E8414C /* HabitMinder SwiftUI.app */,
				3EEFE37A2DAFB2B200F5B0FF /* HabitMinder Watch App.app */,
			);
			name = Products;
			sourceTree = "<group>";
		};
		3E8DF9EA2DE4BD6E0021E1EF /* SwiftUI */ = {
			isa = PBXGroup;
			children = (
				3EEFE3132DAFB20C00F5B0FF /* Font+AppFont.swift */,
				3EEFE3142DAFB20C00F5B0FF /* View+DismissKeyboard.swift */,
				3EEFE3152DAFB20C00F5B0FF /* Image+CircularIcon.swift */,
				3E439A522DEDD28900A171B6 /* Color+RGBA.swift */,
			);
			path = SwiftUI;
			sourceTree = "<group>";
		};
		3E8DF9EB2DE4BD790021E1EF /* Foundation */ = {
			isa = PBXGroup;
			children = (
				3EEFE3172DAFB20C00F5B0FF /* Date+DayCounter.swift */,
				3EEFE3182DAFB20C00F5B0FF /* Types+Helpers.swift */,
				3E495E8E2DE7806D0051188A /* String+Localization.swift */,
				3EBDA8602DEF2194007D99F9 /* DispatchQueue+Delay.swift */,
			);
			path = Foundation;
			sourceTree = "<group>";
		};
		3E8DF9ED2DE4CA8D0021E1EF /* Routing */ = {
			isa = PBXGroup;
			children = (
				3E8DF9F42DE4CC280021E1EF /* AppRoute.swift */,
				3EA986462DEB67520004B71B /* PresentationStyle.swift */,
				3E8DF9FA2DE4CC730021E1EF /* IntroRouter.swift */,
				3E8DF9FC2DE4CCB60021E1EF /* HomeRouter.swift */,
			);
			path = Routing;
			sourceTree = "<group>";
		};
		3E8DFA342DE5B7C70021E1EF /* Navigation */ = {
			isa = PBXGroup;
			children = (
				3EEFE2F22DAFB20C00F5B0FF /* Coordinator */,
				3E8DF9ED2DE4CA8D0021E1EF /* Routing */,
			);
			path = Navigation;
			sourceTree = "<group>";
		};
		3E8DFA352DE5B7E30021E1EF /* Shared */ = {
			isa = PBXGroup;
			children = (
				3EEFE31A2DAFB20C00F5B0FF /* Extensions */,
				3EA986432DEB62990004B71B /* Managers */,
				3E8DFA372DE5C2570021E1EF /* Constants */,
				3EEFE30C2DAFB20C00F5B0FF /* CustomViews */,
				3EEFE36D2DAFB25B00F5B0FF /* Resources */,
			);
			path = Shared;
			sourceTree = "<group>";
		};
		3E8DFA362DE5B8160021E1EF /* Core */ = {
			isa = PBXGroup;
			children = (
				3E8DFA342DE5B7C70021E1EF /* Navigation */,
				3EEFE2F92DAFB20C00F5B0FF /* NetworkLayer */,
				3EEFE3032DAFB20C00F5B0FF /* DataLayer */,
			);
			path = Core;
			sourceTree = "<group>";
		};
		3E8DFA372DE5C2570021E1EF /* Constants */ = {
			isa = PBXGroup;
			children = (
				3EEFE3122DAFB20C00F5B0FF /* AppIconName.swift */,
				3EEFE3162DAFB20C00F5B0FF /* AppNotification.swift */,
				3EEFE3192DAFB20C00F5B0FF /* AppLogger.swift */,
			);
			path = Constants;
			sourceTree = "<group>";
		};
		3EA6CAC42D9AA17600718909 /* Preview Content */ = {
			isa = PBXGroup;
			children = (
				3EA6CAC22D9AA13900718909 /* Preview Assets.xcassets */,
			);
			path = "Preview Content";
			sourceTree = "<group>";
		};
		3EA986432DEB62990004B71B /* Managers */ = {
			isa = PBXGroup;
			children = (
				3EA986442DEB63120004B71B /* Language */,
				3EA986452DEB63180004B71B /* Theme */,
			);
			path = Managers;
			sourceTree = "<group>";
		};
		3EA986442DEB63120004B71B /* Language */ = {
			isa = PBXGroup;
			children = (
				3E495E8C2DE77D4E0051188A /* LanguageManager.swift */,
				3E495E982DE7834A0051188A /* AppLanguage.swift */,
			);
			path = Language;
			sourceTree = "<group>";
		};
		3EA986452DEB63180004B71B /* Theme */ = {
			isa = PBXGroup;
			children = (
				3E81A9A12DE8A22A00DCDC79 /* ThemeManager.swift */,
			);
			path = Theme;
			sourceTree = "<group>";
		};
		3EBBC0212D9BF1500064D04B /* App */ = {
			isa = PBXGroup;
			children = (
				3EEFE2D32DAFB1F000F5B0FF /* HabitMinderApp.swift */,
			);
			path = App;
			sourceTree = "<group>";
		};
		3EBDA8572DEEE619007D99F9 /* EditHabit */ = {
			isa = PBXGroup;
			children = (
				3EBDA85A2DEEE63A007D99F9 /* EditHabitView.swift */,
				3EBDA8582DEEE62D007D99F9 /* EditHabitViewModel.swift */,
				3EBDA85E2DEEF267007D99F9 /* EditHabitCoordinator.swift */,
				3EF4991B2DF334EE001A31FE /* EditHabitUIState.swift */,
			);
			path = EditHabit;
			sourceTree = "<group>";
		};
		3EEFE2DB2DAFB20C00F5B0FF /* Intro */ = {
			isa = PBXGroup;
			children = (
				3EEFE2D82DAFB20C00F5B0FF /* IntroView.swift */,
				3EEFE2D92DAFB20C00F5B0FF /* IntroViewModel.swift */,
				3E8DF9FE2DE4CCED0021E1EF /* IntroCoordinator.swift */,
				3EEFE2DA2DAFB20C00F5B0FF /* IntroViewState.swift */,
				3EE924192DB392AA0086B3F2 /* IntroUIState.swift */,
				3EEFE3652DAFB25B00F5B0FF /* IntroImage.swift */,
			);
			path = Intro;
			sourceTree = "<group>";
		};
		3EEFE2DE2DAFB20C00F5B0FF /* SetName */ = {
			isa = PBXGroup;
			children = (
				3EEFE2DC2DAFB20C00F5B0FF /* SetNameView.swift */,
				3EEFE2DD2DAFB20C00F5B0FF /* SetNameViewModel.swift */,
				3E8DFA002DE4CD100021E1EF /* SetNameCoordinator.swift */,
				3EE9241B2DB3A3750086B3F2 /* SetNameUIState.swift */,
				3EE924212DB3B1FB0086B3F2 /* BorderState.swift */,
			);
			path = SetName;
			sourceTree = "<group>";
		};
		3EEFE2E22DAFB20C00F5B0FF /* Welcome */ = {
			isa = PBXGroup;
			children = (
				3EEFE2DF2DAFB20C00F5B0FF /* WelcomeView.swift */,
				3EEFE2E02DAFB20C00F5B0FF /* WelcomeViewModel.swift */,
				3E8DFA022DE4CD370021E1EF /* WelcomeCoordinator.swift */,
				3EE9241D2DB3AC690086B3F2 /* WelcomeUIState.swift */,
			);
			path = Welcome;
			sourceTree = "<group>";
		};
		3EEFE2E62DAFB20C00F5B0FF /* AddHabit */ = {
			isa = PBXGroup;
			children = (
				3EEFE2E42DAFB20C00F5B0FF /* AddHabitView.swift */,
				3EEFE2E52DAFB20C00F5B0FF /* AddHabitViewModel.swift */,
				3E8DFA062DE4CD790021E1EF /* AddHabitCoordinator.swift */,
				3EF499192DF331AE001A31FE /* AddHabitUIState.swift */,
			);
			path = AddHabit;
			sourceTree = "<group>";
		};
		3EEFE2EC2DAFB20C00F5B0FF /* Home */ = {
			isa = PBXGroup;
			children = (
				3EEFE2E72DAFB20C00F5B0FF /* HomeView.swift */,
				3EEFE2E82DAFB20C00F5B0FF /* HomeViewModel.swift */,
				3E8DFA042DE4CD530021E1EF /* HomeCoordinator.swift */,
				3E495E542DE71CAA0051188A /* HomeUIState.swift */,
				3E495E582DE722270051188A /* DropDownItemFactory.swift */,
				3EEFE2EB2DAFB20C00F5B0FF /* HomeNavigationTarget.swift */,
				3EEFE2E92DAFB20C00F5B0FF /* HabitListRowView.swift */,
				3EEFE2EA2DAFB20C00F5B0FF /* HabitItem.swift */,
				3E495E5A2DE729040051188A /* HabitProgress.swift */,
			);
			path = Home;
			sourceTree = "<group>";
		};
		3EEFE2ED2DAFB20C00F5B0FF /* Features */ = {
			isa = PBXGroup;
			children = (
				3E495E952DE7831B0051188A /* SetLanguage */,
				3EEFE2DB2DAFB20C00F5B0FF /* Intro */,
				3EEFE2DE2DAFB20C00F5B0FF /* SetName */,
				3EEFE2E22DAFB20C00F5B0FF /* Welcome */,
				3EEFE2EC2DAFB20C00F5B0FF /* Home */,
				3EEFE2E62DAFB20C00F5B0FF /* AddHabit */,
				3EBDA8572DEEE619007D99F9 /* EditHabit */,
				3E495E5E2DE745460051188A /* FutureHabit */,
				3E81A9982DE8629B00DCDC79 /* Setting */,
			);
			path = Features;
			sourceTree = "<group>";
		};
		3EEFE2F22DAFB20C00F5B0FF /* Coordinator */ = {
			isa = PBXGroup;
			children = (
				3E8DFA092DE4CDC50021E1EF /* RootView.swift */,
				3E8DF9EE2DE4CAAC0021E1EF /* MainCoordinator.swift */,
				3E8DF9F02DE4CB320021E1EF /* BaseCoordinator.swift */,
				3E8DF9F22DE4CB6D0021E1EF /* NavigationItem.swift */,
			);
			path = Coordinator;
			sourceTree = "<group>";
		};
		3EEFE2F92DAFB20C00F5B0FF /* NetworkLayer */ = {
			isa = PBXGroup;
			children = (
				3EEFE2F32DAFB20C00F5B0FF /* AuthEndpoint.swift */,
				3EEFE2F42DAFB20C00F5B0FF /* Endpoint.swift */,
				3EEFE2F52DAFB20C00F5B0FF /* HTTPContentType.swift */,
				3EEFE2F62DAFB20C00F5B0FF /* HTTPMethod.swift */,
				3EEFE2F72DAFB20C00F5B0FF /* NetworkAPIError.swift */,
				3EEFE2F82DAFB20C00F5B0FF /* NetworkAPI.swift */,
				3E8DFA322DE5B7880021E1EF /* DataFetcher.swift */,
				3EEFE2D52DAFB20C00F5B0FF /* QuoteResponse.swift */,
			);
			path = NetworkLayer;
			sourceTree = "<group>";
		};
		3EEFE2FD2DAFB20C00F5B0FF /* Database */ = {
			isa = PBXGroup;
			children = (
				3EEFE2FA2DAFB20C00F5B0FF /* DataManager.swift */,
				3EEFE2FB2DAFB20C00F5B0FF /* IdentifiableModel.swift */,
				3EEFE2D62DAFB20C00F5B0FF /* HabitModel.swift */,
				3E495E6B2DE74EDB0051188A /* FutureHabitModel.swift */,
			);
			path = Database;
			sourceTree = "<group>";
		};
		3EEFE3022DAFB20C00F5B0FF /* UserDefaults */ = {
			isa = PBXGroup;
			children = (
				3EEFE2FE2DAFB20C00F5B0FF /* UserDefaultsProtocol.swift */,
				3EEFE2FF2DAFB20C00F5B0FF /* StorageKeyProtocol.swift */,
				3EEFE3002DAFB20C00F5B0FF /* UserDefaultKeys.swift */,
				3EEFE3012DAFB20C00F5B0FF /* UserDefaultsStorage.swift */,
			);
			path = UserDefaults;
			sourceTree = "<group>";
		};
		3EEFE3032DAFB20C00F5B0FF /* DataLayer */ = {
			isa = PBXGroup;
			children = (
				3EEFE2FD2DAFB20C00F5B0FF /* Database */,
				3EEFE3022DAFB20C00F5B0FF /* UserDefaults */,
			);
			path = DataLayer;
			sourceTree = "<group>";
		};
		3EEFE3072DAFB20C00F5B0FF /* DropDown */ = {
			isa = PBXGroup;
			children = (
				3EEFE3042DAFB20C00F5B0FF /* DropDownRowView.swift */,
				3EEFE3052DAFB20C00F5B0FF /* DropDownSheetView.swift */,
				3EEFE3062DAFB20C00F5B0FF /* DropDownItem..swift */,
				3E8DF9E82DE4BB620021E1EF /* DropDownIcon.swift */,
			);
			path = DropDown;
			sourceTree = "<group>";
		};
		3EEFE3092DAFB20C00F5B0FF /* CustomEmptyView */ = {
			isa = PBXGroup;
			children = (
				3EEFE3082DAFB20C00F5B0FF /* CustomEmptyView.swift */,
			);
			path = CustomEmptyView;
			sourceTree = "<group>";
		};
		3EEFE30B2DAFB20C00F5B0FF /* ProgressCircleView */ = {
			isa = PBXGroup;
			children = (
				3EEFE30A2DAFB20C00F5B0FF /* ProgressCircleView.swift */,
			);
			path = ProgressCircleView;
			sourceTree = "<group>";
		};
		3EEFE30C2DAFB20C00F5B0FF /* CustomViews */ = {
			isa = PBXGroup;
			children = (
				3EEFE3072DAFB20C00F5B0FF /* DropDown */,
				3EEFE3092DAFB20C00F5B0FF /* CustomEmptyView */,
				3EEFE30B2DAFB20C00F5B0FF /* ProgressCircleView */,
			);
			path = CustomViews;
			sourceTree = "<group>";
		};
		3EEFE3112DAFB20C00F5B0FF /* Watch */ = {
			isa = PBXGroup;
			children = (
				3EEFE30D2DAFB20C00F5B0FF /* WatchConnectivityService.swift */,
				3EEFE30E2DAFB20C00F5B0FF /* WatchConnectivityDelegate.swift */,
				3EEFE30F2DAFB20C00F5B0FF /* WatchConnectivityProviding.swift */,
				3EEFE3102DAFB20C00F5B0FF /* HabitData.swift */,
			);
			path = Watch;
			sourceTree = "<group>";
		};
		3EEFE31A2DAFB20C00F5B0FF /* Extensions */ = {
			isa = PBXGroup;
			children = (
				3E8DF9EA2DE4BD6E0021E1EF /* SwiftUI */,
				3E8DF9EB2DE4BD790021E1EF /* Foundation */,
			);
			path = Extensions;
			sourceTree = "<group>";
		};
		3EEFE3692DAFB25B00F5B0FF /* Localization */ = {
			isa = PBXGroup;
			children = (
				3EEFE3672DAFB25B00F5B0FF /* Localizable.strings */,
				3EEFE3682DAFB25B00F5B0FF /* LocalizedStrings.swift */,
			);
			path = Localization;
			sourceTree = "<group>";
		};
		3EEFE36C2DAFB25B00F5B0FF /* Font */ = {
			isa = PBXGroup;
			children = (
				3EEFE36A2DAFB25B00F5B0FF /* RooneySansBold.OTF */,
				3EEFE36B2DAFB25B00F5B0FF /* RooneySansRegular.OTF */,
			);
			path = Font;
			sourceTree = "<group>";
		};
		3EEFE36D2DAFB25B00F5B0FF /* Resources */ = {
			isa = PBXGroup;
			children = (
				3EEFE3622DAFB25B00F5B0FF /* Assets.xcassets */,
				3EEFE3642DAFB25B00F5B0FF /* Launch Screen.storyboard */,
				3EEFE3692DAFB25B00F5B0FF /* Localization */,
				3EEFE36C2DAFB25B00F5B0FF /* Font */,
			);
			path = Resources;
			sourceTree = "<group>";
		};
		3EEFE3892DAFB2C600F5B0FF /* HabitMinder Watch App */ = {
			isa = PBXGroup;
			children = (
				3EEFE38B2DAFB2E800F5B0FF /* App */,
				3EEFE38E2DAFB2E800F5B0FF /* Features */,
				3EEFE3902DAFB2E800F5B0FF /* WatchConnectivity */,
				3EEFE3922DAFB2E800F5B0FF /* Resources */,
			);
			path = "HabitMinder Watch App";
			sourceTree = "<group>";
		};
		3EEFE38B2DAFB2E800F5B0FF /* App */ = {
			isa = PBXGroup;
			children = (
				3EEFE38A2DAFB2E800F5B0FF /* HabitMinderApp.swift */,
			);
			path = App;
			sourceTree = "<group>";
		};
		3EEFE38E2DAFB2E800F5B0FF /* Features */ = {
			isa = PBXGroup;
			children = (
				3EEFE38C2DAFB2E800F5B0FF /* HomeView.swift */,
				3EEFE38D2DAFB2E800F5B0FF /* HomeViewModel.swift */,
			);
			path = Features;
			sourceTree = "<group>";
		};
		3EEFE3902DAFB2E800F5B0FF /* WatchConnectivity */ = {
			isa = PBXGroup;
			children = (
				3EEFE38F2DAFB2E800F5B0FF /* WatchSessionManager.swift */,
			);
			path = WatchConnectivity;
			sourceTree = "<group>";
		};
		3EEFE3922DAFB2E800F5B0FF /* Resources */ = {
			isa = PBXGroup;
			children = (
				3EEFE3912DAFB2E800F5B0FF /* Assets.xcassets */,
			);
			path = Resources;
			sourceTree = "<group>";
		};
/* End PBXGroup section */

/* Begin PBXNativeTarget section */
		3E89D6F52D9869F100E8414C /* HabitMinder SwiftUI */ = {
			isa = PBXNativeTarget;
			buildConfigurationList = 3E89D7042D9869F100E8414C /* Build configuration list for PBXNativeTarget "HabitMinder SwiftUI" */;
			buildPhases = (
				3E89D6F22D9869F100E8414C /* Sources */,
				3E89D6F32D9869F100E8414C /* Frameworks */,
				3E89D6F42D9869F100E8414C /* Resources */,
				3EEFE3882DAFB2B300F5B0FF /* Embed Watch Content */,
			);
			buildRules = (
			);
			dependencies = (
				3EEFE3832DAFB2B300F5B0FF /* PBXTargetDependency */,
			);
			name = "HabitMinder SwiftUI";
			packageProductDependencies = (
			);
			productName = "HabitMinder SwiftUI";
			productReference = 3E89D6F62D9869F100E8414C /* HabitMinder SwiftUI.app */;
			productType = "com.apple.product-type.application";
		};
		3EEFE3792DAFB2B200F5B0FF /* HabitMinder Watch App */ = {
			isa = PBXNativeTarget;
			buildConfigurationList = 3EEFE3852DAFB2B300F5B0FF /* Build configuration list for PBXNativeTarget "HabitMinder Watch App" */;
			buildPhases = (
				3EEFE3762DAFB2B200F5B0FF /* Sources */,
				3EEFE3772DAFB2B200F5B0FF /* Frameworks */,
				3EEFE3782DAFB2B200F5B0FF /* Resources */,
			);
			buildRules = (
			);
			dependencies = (
			);
			name = "HabitMinder Watch App";
			packageProductDependencies = (
			);
			productName = "HabitMinder Watch App";
			productReference = 3EEFE37A2DAFB2B200F5B0FF /* HabitMinder Watch App.app */;
			productType = "com.apple.product-type.application";
		};
/* End PBXNativeTarget section */

/* Begin PBXProject section */
		3E89D6EE2D9869F000E8414C /* Project object */ = {
			isa = PBXProject;
			attributes = {
				BuildIndependentTargetsInParallel = 1;
				LastSwiftUpdateCheck = 1630;
				LastUpgradeCheck = 1640;
				TargetAttributes = {
					3E89D6F52D9869F100E8414C = {
						CreatedOnToolsVersion = 16.2;
					};
					3EEFE3792DAFB2B200F5B0FF = {
						CreatedOnToolsVersion = 16.3;
					};
				};
			};
			buildConfigurationList = 3E89D6F12D9869F000E8414C /* Build configuration list for PBXProject "HabitMinder SwiftUI" */;
			developmentRegion = en;
			hasScannedForEncodings = 0;
			knownRegions = (
				en,
				Base,
				nl,
			);
			mainGroup = 3E89D6ED2D9869F000E8414C;
			minimizedProjectReferenceProxies = 1;
			preferredProjectObjectVersion = 77;
			productRefGroup = 3E89D6F72D9869F100E8414C /* Products */;
			projectDirPath = "";
			projectRoot = "";
			targets = (
				3E89D6F52D9869F100E8414C /* HabitMinder SwiftUI */,
				3EEFE3792DAFB2B200F5B0FF /* HabitMinder Watch App */,
			);
		};
/* End PBXProject section */

/* Begin PBXResourcesBuildPhase section */
		3E89D6F42D9869F100E8414C /* Resources */ = {
			isa = PBXResourcesBuildPhase;
			buildActionMask = 2147483647;
			files = (
				3EA6CAC32D9AA13900718909 /* Preview Assets.xcassets in Resources */,
				3EEFE36F2DAFB25B00F5B0FF /* Launch Screen.storyboard in Resources */,
				3EEFE3702DAFB25B00F5B0FF /* RooneySansRegular.OTF in Resources */,
				3EEFE3712DAFB25B00F5B0FF /* RooneySansBold.OTF in Resources */,
				3EEFE3722DAFB25B00F5B0FF /* Localizable.strings in Resources */,
				3EEFE3732DAFB25B00F5B0FF /* Assets.xcassets in Resources */,
			);
			runOnlyForDeploymentPostprocessing = 0;
		};
		3EEFE3782DAFB2B200F5B0FF /* Resources */ = {
			isa = PBXResourcesBuildPhase;
			buildActionMask = 2147483647;
			files = (
				3EEFE3972DAFB2E800F5B0FF /* Assets.xcassets in Resources */,
				3EEFE39B2DAFB49000F5B0FF /* Localizable.strings in Resources */,
			);
			runOnlyForDeploymentPostprocessing = 0;
		};
/* End PBXResourcesBuildPhase section */

/* Begin PBXSourcesBuildPhase section */
		3E89D6F22D9869F100E8414C /* Sources */ = {
			isa = PBXSourcesBuildPhase;
			buildActionMask = 2147483647;
			files = (
				3EEFE3272DAFB20C00F5B0FF /* Image+CircularIcon.swift in Sources */,
				3E81A99C2DE862C500DCDC79 /* SettingView.swift in Sources */,
				3E81A9A62DE8A25600DCDC79 /* LanguagePickerView.swift in Sources */,
				3E495E552DE71CAB0051188A /* HomeUIState.swift in Sources */,
				3E495E6C2DE74EDF0051188A /* FutureHabitModel.swift in Sources */,
				3EE9241A2DB392AF0086B3F2 /* IntroUIState.swift in Sources */,
				3EE9241E2DB3AC6A0086B3F2 /* WelcomeUIState.swift in Sources */,
				3EBDA8622DEF2194007D99F9 /* DispatchQueue+Delay.swift in Sources */,
				3EEFE3282DAFB20C00F5B0FF /* HabitData.swift in Sources */,
				3E8DFA0A2DE4CDCB0021E1EF /* RootView.swift in Sources */,
				3EEFE3292DAFB20C00F5B0FF /* WelcomeViewModel.swift in Sources */,
				3EEFE32A2DAFB20C00F5B0FF /* UserDefaultsStorage.swift in Sources */,
				3E495E592DE722280051188A /* DropDownItemFactory.swift in Sources */,
				3E8DF9F32DE4CB700021E1EF /* NavigationItem.swift in Sources */,
				3E439A532DEDD28900A171B6 /* Color+RGBA.swift in Sources */,
				3EEFE32B2DAFB20C00F5B0FF /* StorageKeyProtocol.swift in Sources */,
				3EEFE32C2DAFB20C00F5B0FF /* SetNameView.swift in Sources */,
				3EEFE32D2DAFB20C00F5B0FF /* HTTPContentType.swift in Sources */,
				3EEFE32E2DAFB20C00F5B0FF /* NetworkAPI.swift in Sources */,
				3EEFE32F2DAFB20C00F5B0FF /* DataManager.swift in Sources */,
				3EEFE3742DAFB25B00F5B0FF /* LocalizedStrings.swift in Sources */,
				3EEFE3752DAFB25B00F5B0FF /* IntroImage.swift in Sources */,
				3EEFE3312DAFB20C00F5B0FF /* HomeNavigationTarget.swift in Sources */,
				3EE924222DB3B1FC0086B3F2 /* BorderState.swift in Sources */,
				3EBDA85B2DEEE63A007D99F9 /* EditHabitView.swift in Sources */,
				3E8DF9FF2DE4CCF30021E1EF /* IntroCoordinator.swift in Sources */,
				3EEFE3332DAFB20C00F5B0FF /* SetNameViewModel.swift in Sources */,
				3EEFE3342DAFB20C00F5B0FF /* UserDefaultsProtocol.swift in Sources */,
				3EEFE3352DAFB20C00F5B0FF /* HTTPMethod.swift in Sources */,
				3EEFE3362DAFB20C00F5B0FF /* DropDownSheetView.swift in Sources */,
				3EEFE3372DAFB20C00F5B0FF /* IntroViewState.swift in Sources */,
				3E495E9C2DE7837F0051188A /* SetLanguageCoordinator.swift in Sources */,
				3EEFE3382DAFB20C00F5B0FF /* WatchConnectivityService.swift in Sources */,
				3E8DF9F52DE4CC2A0021E1EF /* AppRoute.swift in Sources */,
				3EA9864F2DEB74D10004B71B /* SettingCoordinator.swift in Sources */,
				3E495E882DE777170051188A /* SetLanguageView.swift in Sources */,
				3EEFE3392DAFB20C00F5B0FF /* HabitModel.swift in Sources */,
				3EEFE33A2DAFB20C00F5B0FF /* AddHabitView.swift in Sources */,
				3EEFE33B2DAFB20C00F5B0FF /* DropDownItem..swift in Sources */,
				3EEFE33D2DAFB20C00F5B0FF /* AppIconName.swift in Sources */,
				3E495E622DE745900051188A /* FutureHabitView.swift in Sources */,
				3EF4991A2DF331B5001A31FE /* AddHabitUIState.swift in Sources */,
				3EEFE33F2DAFB20C00F5B0FF /* HomeView.swift in Sources */,
				3EEFE3402DAFB20C00F5B0FF /* HabitItem.swift in Sources */,
				3E81A9A42DE8A24000DCDC79 /* ColorPickerView.swift in Sources */,
				3E495E662DE74B8E0051188A /* FutureHabitListRowView.swift in Sources */,
				3EEFE3412DAFB20C00F5B0FF /* ProgressCircleView.swift in Sources */,
				3EE9241C2DB3A37A0086B3F2 /* SetNameUIState.swift in Sources */,
				3E8DFA332DE5B7890021E1EF /* DataFetcher.swift in Sources */,
				3EEFE3432DAFB20C00F5B0FF /* AddHabitViewModel.swift in Sources */,
				3E8DFA052DE4CD5A0021E1EF /* HomeCoordinator.swift in Sources */,
				3EEFE3442DAFB20C00F5B0FF /* IntroViewModel.swift in Sources */,
				3EBDA8592DEEE631007D99F9 /* EditHabitViewModel.swift in Sources */,
				3E8DF9FB2DE4CC780021E1EF /* IntroRouter.swift in Sources */,
				3E495E6A2DE74C850051188A /* FutureHabitUIState.swift in Sources */,
				3E81A9A82DE8AF4000DCDC79 /* UserNameEditorView.swift in Sources */,
				3EEFE3452DAFB20C00F5B0FF /* DropDownRowView.swift in Sources */,
				3E8DFA032DE4CD3D0021E1EF /* WelcomeCoordinator.swift in Sources */,
				3EEFE3462DAFB20C00F5B0FF /* CustomEmptyView.swift in Sources */,
				3EEFE3482DAFB20C00F5B0FF /* AuthEndpoint.swift in Sources */,
				3E8DF9E92DE4BB640021E1EF /* DropDownIcon.swift in Sources */,
				3EEFE3492DAFB20C00F5B0FF /* UserDefaultKeys.swift in Sources */,
				3EA9864B2DEB74870004B71B /* FutureHabitCoordinator.swift in Sources */,
				3EEFE34A2DAFB20C00F5B0FF /* Font+AppFont.swift in Sources */,
				3E495E642DE746700051188A /* FutureHabitViewModel.swift in Sources */,
				3E495E5B2DE729040051188A /* HabitProgress.swift in Sources */,
				3EF4991C2DF334F5001A31FE /* EditHabitUIState.swift in Sources */,
				3EEFE34B2DAFB20C00F5B0FF /* View+DismissKeyboard.swift in Sources */,
				3EEFE34D2DAFB20C00F5B0FF /* Endpoint.swift in Sources */,
				3EEFE34E2DAFB20C00F5B0FF /* WatchConnectivityDelegate.swift in Sources */,
				3EBDA85F2DEEF271007D99F9 /* EditHabitCoordinator.swift in Sources */,
				3EEFE3502DAFB20C00F5B0FF /* AppLogger.swift in Sources */,
				3E495E9A2DE7834A0051188A /* AppLanguage.swift in Sources */,
				3E8DFA072DE4CD7E0021E1EF /* AddHabitCoordinator.swift in Sources */,
				3E495E8F2DE7807A0051188A /* String+Localization.swift in Sources */,
				3E495E682DE74BA50051188A /* FutureHabitItem.swift in Sources */,
				3E8DF9EF2DE4CAAC0021E1EF /* MainCoordinator.swift in Sources */,
				3EEFE3512DAFB20C00F5B0FF /* NetworkAPIError.swift in Sources */,
				3E8DF9F12DE4CB380021E1EF /* BaseCoordinator.swift in Sources */,
				3E81A9A02DE862D600DCDC79 /* SettingViewModel.swift in Sources */,
				3EEFE3522DAFB20C00F5B0FF /* Types+Helpers.swift in Sources */,
				3EEFE3532DAFB20C00F5B0FF /* Date+DayCounter.swift in Sources */,
				3EEFE3542DAFB20C00F5B0FF /* WatchConnectivityProviding.swift in Sources */,
				3E8DF9FD2DE4CCBF0021E1EF /* HomeRouter.swift in Sources */,
				3EEFE3552DAFB20C00F5B0FF /* AppNotification.swift in Sources */,
				3E495E8D2DE77D4E0051188A /* LanguageManager.swift in Sources */,
				3EA9863E2DEB5CD60004B71B /* SetLanguageViewModel.swift in Sources */,
				3EEFE3562DAFB20C00F5B0FF /* WelcomeView.swift in Sources */,
				3EEFE3572DAFB20C00F5B0FF /* HabitListRowView.swift in Sources */,
				3EEFE3582DAFB20C00F5B0FF /* IdentifiableModel.swift in Sources */,
				3EEFE3592DAFB20C00F5B0FF /* QuoteResponse.swift in Sources */,
				3EEFE35A2DAFB20C00F5B0FF /* IntroView.swift in Sources */,
				3EEFE35B2DAFB20C00F5B0FF /* HomeViewModel.swift in Sources */,
				3E8DFA012DE4CD1A0021E1EF /* SetNameCoordinator.swift in Sources */,
				3EEFE2D42DAFB1F000F5B0FF /* HabitMinderApp.swift in Sources */,
				3EEFE2D22DAFB1E600F5B0FF /* Test.swift in Sources */,
				3EA986472DEB67530004B71B /* PresentationStyle.swift in Sources */,
				3E81A9A22DE8A22B00DCDC79 /* ThemeManager.swift in Sources */,
			);
			runOnlyForDeploymentPostprocessing = 0;
		};
		3EEFE3762DAFB2B200F5B0FF /* Sources */ = {
			isa = PBXSourcesBuildPhase;
			buildActionMask = 2147483647;
			files = (
				3EEFE3932DAFB2E800F5B0FF /* HomeView.swift in Sources */,
				3EEFE39A2DAFB34500F5B0FF /* AppLogger.swift in Sources */,
				3EEFE3942DAFB2E800F5B0FF /* HomeViewModel.swift in Sources */,
				3EEFE3982DAFB31700F5B0FF /* HabitData.swift in Sources */,
				3E495EA22DE78ADF0051188A /* UserDefaultsProtocol.swift in Sources */,
				3E495E922DE7820D0051188A /* LocalizedStrings.swift in Sources */,
				3EEFE3952DAFB2E800F5B0FF /* HabitMinderApp.swift in Sources */,
				3E495E942DE782190051188A /* LanguageManager.swift in Sources */,
				3E495E9E2DE783FD0051188A /* AppLanguage.swift in Sources */,
				3E495EA02DE78ACB0051188A /* UserDefaultKeys.swift in Sources */,
				3EEFE3962DAFB2E800F5B0FF /* WatchSessionManager.swift in Sources */,
				3E495E932DE782120051188A /* String+Localization.swift in Sources */,
				3E495E9F2DE78ABA0051188A /* UserDefaultsStorage.swift in Sources */,
				3E495EA12DE78AD50051188A /* StorageKeyProtocol.swift in Sources */,
			);
			runOnlyForDeploymentPostprocessing = 0;
		};
/* End PBXSourcesBuildPhase section */

/* Begin PBXTargetDependency section */
		3EEFE3832DAFB2B300F5B0FF /* PBXTargetDependency */ = {
			isa = PBXTargetDependency;
			target = 3EEFE3792DAFB2B200F5B0FF /* HabitMinder Watch App */;
			targetProxy = 3EEFE3822DAFB2B300F5B0FF /* PBXContainerItemProxy */;
		};
/* End PBXTargetDependency section */

/* Begin PBXVariantGroup section */
		3EEFE3672DAFB25B00F5B0FF /* Localizable.strings */ = {
			isa = PBXVariantGroup;
			children = (
				3EEFE3662DAFB25B00F5B0FF /* Localizable.strings */,
				3E495E862DE775D80051188A /* nl */,
			);
			name = Localizable.strings;
			sourceTree = "<group>";
		};
/* End PBXVariantGroup section */

/* Begin XCBuildConfiguration section */
		3E89D7022D9869F100E8414C /* Debug */ = {
			isa = XCBuildConfiguration;
			buildSettings = {
				ALWAYS_SEARCH_USER_PATHS = NO;
				ASSETCATALOG_COMPILER_GENERATE_SWIFT_ASSET_SYMBOL_EXTENSIONS = YES;
				CLANG_ANALYZER_LOCALIZABILITY_NONLOCALIZED = YES;
				CLANG_ANALYZER_NONNULL = YES;
				CLANG_ANALYZER_NUMBER_OBJECT_CONVERSION = YES_AGGRESSIVE;
				CLANG_CXX_LANGUAGE_STANDARD = "gnu++20";
				CLANG_ENABLE_MODULES = YES;
				CLANG_ENABLE_OBJC_ARC = YES;
				CLANG_ENABLE_OBJC_WEAK = YES;
				CLANG_WARN_BLOCK_CAPTURE_AUTORELEASING = YES;
				CLANG_WARN_BOOL_CONVERSION = YES;
				CLANG_WARN_COMMA = YES;
				CLANG_WARN_CONSTANT_CONVERSION = YES;
				CLANG_WARN_DEPRECATED_OBJC_IMPLEMENTATIONS = YES;
				CLANG_WARN_DIRECT_OBJC_ISA_USAGE = YES_ERROR;
				CLANG_WARN_DOCUMENTATION_COMMENTS = YES;
				CLANG_WARN_EMPTY_BODY = YES;
				CLANG_WARN_ENUM_CONVERSION = YES;
				CLANG_WARN_INFINITE_RECURSION = YES;
				CLANG_WARN_INT_CONVERSION = YES;
				CLANG_WARN_NON_LITERAL_NULL_CONVERSION = YES;
				CLANG_WARN_OBJC_IMPLICIT_RETAIN_SELF = YES;
				CLANG_WARN_OBJC_LITERAL_CONVERSION = YES;
				CLANG_WARN_OBJC_ROOT_CLASS = YES_ERROR;
				CLANG_WARN_QUOTED_INCLUDE_IN_FRAMEWORK_HEADER = YES;
				CLANG_WARN_RANGE_LOOP_ANALYSIS = YES;
				CLANG_WARN_STRICT_PROTOTYPES = YES;
				CLANG_WARN_SUSPICIOUS_MOVE = YES;
				CLANG_WARN_UNGUARDED_AVAILABILITY = YES_AGGRESSIVE;
				CLANG_WARN_UNREACHABLE_CODE = YES;
				CLANG_WARN__DUPLICATE_METHOD_MATCH = YES;
				COPY_PHASE_STRIP = NO;
				DEBUG_INFORMATION_FORMAT = dwarf;
				DEVELOPMENT_TEAM = A6WZ8YTJ2Z;
				ENABLE_STRICT_OBJC_MSGSEND = YES;
				ENABLE_TESTABILITY = YES;
				ENABLE_USER_SCRIPT_SANDBOXING = YES;
				GCC_C_LANGUAGE_STANDARD = gnu17;
				GCC_DYNAMIC_NO_PIC = NO;
				GCC_NO_COMMON_BLOCKS = YES;
				GCC_OPTIMIZATION_LEVEL = 0;
				GCC_PREPROCESSOR_DEFINITIONS = (
					"DEBUG=1",
					"$(inherited)",
				);
				GCC_WARN_64_TO_32_BIT_CONVERSION = YES;
				GCC_WARN_ABOUT_RETURN_TYPE = YES_ERROR;
				GCC_WARN_UNDECLARED_SELECTOR = YES;
				GCC_WARN_UNINITIALIZED_AUTOS = YES_AGGRESSIVE;
				GCC_WARN_UNUSED_FUNCTION = YES;
				GCC_WARN_UNUSED_VARIABLE = YES;
				IPHONEOS_DEPLOYMENT_TARGET = 18.2;
				LOCALIZATION_PREFERS_STRING_CATALOGS = YES;
				MTL_ENABLE_DEBUG_INFO = INCLUDE_SOURCE;
				MTL_FAST_MATH = YES;
				ONLY_ACTIVE_ARCH = YES;
				SDKROOT = iphoneos;
				SWIFT_ACTIVE_COMPILATION_CONDITIONS = "DEBUG $(inherited)";
				SWIFT_OPTIMIZATION_LEVEL = "-Onone";
			};
			name = Debug;
		};
		3E89D7032D9869F100E8414C /* Release */ = {
			isa = XCBuildConfiguration;
			buildSettings = {
				ALWAYS_SEARCH_USER_PATHS = NO;
				ASSETCATALOG_COMPILER_GENERATE_SWIFT_ASSET_SYMBOL_EXTENSIONS = YES;
				CLANG_ANALYZER_LOCALIZABILITY_NONLOCALIZED = YES;
				CLANG_ANALYZER_NONNULL = YES;
				CLANG_ANALYZER_NUMBER_OBJECT_CONVERSION = YES_AGGRESSIVE;
				CLANG_CXX_LANGUAGE_STANDARD = "gnu++20";
				CLANG_ENABLE_MODULES = YES;
				CLANG_ENABLE_OBJC_ARC = YES;
				CLANG_ENABLE_OBJC_WEAK = YES;
				CLANG_WARN_BLOCK_CAPTURE_AUTORELEASING = YES;
				CLANG_WARN_BOOL_CONVERSION = YES;
				CLANG_WARN_COMMA = YES;
				CLANG_WARN_CONSTANT_CONVERSION = YES;
				CLANG_WARN_DEPRECATED_OBJC_IMPLEMENTATIONS = YES;
				CLANG_WARN_DIRECT_OBJC_ISA_USAGE = YES_ERROR;
				CLANG_WARN_DOCUMENTATION_COMMENTS = YES;
				CLANG_WARN_EMPTY_BODY = YES;
				CLANG_WARN_ENUM_CONVERSION = YES;
				CLANG_WARN_INFINITE_RECURSION = YES;
				CLANG_WARN_INT_CONVERSION = YES;
				CLANG_WARN_NON_LITERAL_NULL_CONVERSION = YES;
				CLANG_WARN_OBJC_IMPLICIT_RETAIN_SELF = YES;
				CLANG_WARN_OBJC_LITERAL_CONVERSION = YES;
				CLANG_WARN_OBJC_ROOT_CLASS = YES_ERROR;
				CLANG_WARN_QUOTED_INCLUDE_IN_FRAMEWORK_HEADER = YES;
				CLANG_WARN_RANGE_LOOP_ANALYSIS = YES;
				CLANG_WARN_STRICT_PROTOTYPES = YES;
				CLANG_WARN_SUSPICIOUS_MOVE = YES;
				CLANG_WARN_UNGUARDED_AVAILABILITY = YES_AGGRESSIVE;
				CLANG_WARN_UNREACHABLE_CODE = YES;
				CLANG_WARN__DUPLICATE_METHOD_MATCH = YES;
				COPY_PHASE_STRIP = NO;
				DEBUG_INFORMATION_FORMAT = "dwarf-with-dsym";
				DEVELOPMENT_TEAM = A6WZ8YTJ2Z;
				ENABLE_NS_ASSERTIONS = NO;
				ENABLE_STRICT_OBJC_MSGSEND = YES;
				ENABLE_USER_SCRIPT_SANDBOXING = YES;
				GCC_C_LANGUAGE_STANDARD = gnu17;
				GCC_NO_COMMON_BLOCKS = YES;
				GCC_WARN_64_TO_32_BIT_CONVERSION = YES;
				GCC_WARN_ABOUT_RETURN_TYPE = YES_ERROR;
				GCC_WARN_UNDECLARED_SELECTOR = YES;
				GCC_WARN_UNINITIALIZED_AUTOS = YES_AGGRESSIVE;
				GCC_WARN_UNUSED_FUNCTION = YES;
				GCC_WARN_UNUSED_VARIABLE = YES;
				IPHONEOS_DEPLOYMENT_TARGET = 18.2;
				LOCALIZATION_PREFERS_STRING_CATALOGS = YES;
				MTL_ENABLE_DEBUG_INFO = NO;
				MTL_FAST_MATH = YES;
				SDKROOT = iphoneos;
				SWIFT_COMPILATION_MODE = wholemodule;
				VALIDATE_PRODUCT = YES;
			};
			name = Release;
		};
		3E89D7052D9869F100E8414C /* Debug */ = {
			isa = XCBuildConfiguration;
			buildSettings = {
				ASSETCATALOG_COMPILER_APPICON_NAME = AppIcon;
				ASSETCATALOG_COMPILER_GLOBAL_ACCENT_COLOR_NAME = AccentColor;
				CODE_SIGN_STYLE = Automatic;
				CURRENT_PROJECT_VERSION = 1;
				DEVELOPMENT_ASSET_PATHS = "\"HabitMinder SwiftUI/Preview Content\"";
				ENABLE_PREVIEWS = YES;
				GENERATE_INFOPLIST_FILE = YES;
				INFOPLIST_FILE = "HabitMinder-SwiftUI-Info.plist";
				INFOPLIST_KEY_CFBundleDisplayName = "21 Days";
				INFOPLIST_KEY_UIApplicationSceneManifest_Generation = YES;
				INFOPLIST_KEY_UIApplicationSupportsIndirectInputEvents = YES;
				INFOPLIST_KEY_UILaunchScreen_Generation = YES;
				INFOPLIST_KEY_UILaunchStoryboardName = "Launch Screen";
				INFOPLIST_KEY_UISupportedInterfaceOrientations = "UIInterfaceOrientationLandscapeLeft UIInterfaceOrientationLandscapeRight UIInterfaceOrientationPortrait UIInterfaceOrientationPortraitUpsideDown";
				IPHONEOS_DEPLOYMENT_TARGET = 17;
				LD_RUNPATH_SEARCH_PATHS = (
					"$(inherited)",
					"@executable_path/Frameworks",
				);
				MARKETING_VERSION = 1.0;
				PRODUCT_BUNDLE_IDENTIFIER = "com.HabitMinder-SwiftUI";
				PRODUCT_NAME = "$(TARGET_NAME)";
				SWIFT_EMIT_LOC_STRINGS = YES;
				SWIFT_VERSION = 5.0;
				TARGETED_DEVICE_FAMILY = "1,2";
			};
			name = Debug;
		};
		3E89D7062D9869F100E8414C /* Release */ = {
			isa = XCBuildConfiguration;
			buildSettings = {
				ASSETCATALOG_COMPILER_APPICON_NAME = AppIcon;
				ASSETCATALOG_COMPILER_GLOBAL_ACCENT_COLOR_NAME = AccentColor;
				CODE_SIGN_STYLE = Automatic;
				CURRENT_PROJECT_VERSION = 1;
				DEVELOPMENT_ASSET_PATHS = "\"HabitMinder SwiftUI/Preview Content\"";
				ENABLE_PREVIEWS = YES;
				GENERATE_INFOPLIST_FILE = YES;
				INFOPLIST_FILE = "HabitMinder-SwiftUI-Info.plist";
				INFOPLIST_KEY_CFBundleDisplayName = "21 Days";
				INFOPLIST_KEY_UIApplicationSceneManifest_Generation = YES;
				INFOPLIST_KEY_UIApplicationSupportsIndirectInputEvents = YES;
				INFOPLIST_KEY_UILaunchScreen_Generation = YES;
				INFOPLIST_KEY_UILaunchStoryboardName = "Launch Screen";
				INFOPLIST_KEY_UISupportedInterfaceOrientations = "UIInterfaceOrientationLandscapeLeft UIInterfaceOrientationLandscapeRight UIInterfaceOrientationPortrait UIInterfaceOrientationPortraitUpsideDown";
				IPHONEOS_DEPLOYMENT_TARGET = 17;
				LD_RUNPATH_SEARCH_PATHS = (
					"$(inherited)",
					"@executable_path/Frameworks",
				);
				MARKETING_VERSION = 1.0;
				PRODUCT_BUNDLE_IDENTIFIER = "com.HabitMinder-SwiftUI";
				PRODUCT_NAME = "$(TARGET_NAME)";
				SWIFT_EMIT_LOC_STRINGS = YES;
				SWIFT_VERSION = 5.0;
				TARGETED_DEVICE_FAMILY = "1,2";
			};
			name = Release;
		};
		3EEFE3862DAFB2B300F5B0FF /* Debug */ = {
			isa = XCBuildConfiguration;
			buildSettings = {
				ASSETCATALOG_COMPILER_APPICON_NAME = AppIcon;
				ASSETCATALOG_COMPILER_GLOBAL_ACCENT_COLOR_NAME = AccentColor;
				CODE_SIGN_STYLE = Automatic;
				CURRENT_PROJECT_VERSION = 1;
				ENABLE_PREVIEWS = YES;
				GENERATE_INFOPLIST_FILE = YES;
				INFOPLIST_KEY_CFBundleDisplayName = HabitMinder;
				INFOPLIST_KEY_UISupportedInterfaceOrientations = "UIInterfaceOrientationPortrait UIInterfaceOrientationPortraitUpsideDown";
				INFOPLIST_KEY_WKCompanionAppBundleIdentifier = "com.HabitMinder-SwiftUI";
				LD_RUNPATH_SEARCH_PATHS = (
					"$(inherited)",
					"@executable_path/Frameworks",
				);
				MARKETING_VERSION = 1.0;
				PRODUCT_BUNDLE_IDENTIFIER = "com.HabitMinder-SwiftUI.watchkitapp";
				PRODUCT_NAME = "$(TARGET_NAME)";
				SDKROOT = watchos;
				SKIP_INSTALL = YES;
				SWIFT_EMIT_LOC_STRINGS = YES;
				SWIFT_VERSION = 5.0;
				TARGETED_DEVICE_FAMILY = 4;
				WATCHOS_DEPLOYMENT_TARGET = 11.4;
			};
			name = Debug;
		};
		3EEFE3872DAFB2B300F5B0FF /* Release */ = {
			isa = XCBuildConfiguration;
			buildSettings = {
				ASSETCATALOG_COMPILER_APPICON_NAME = AppIcon;
				ASSETCATALOG_COMPILER_GLOBAL_ACCENT_COLOR_NAME = AccentColor;
				CODE_SIGN_STYLE = Automatic;
				CURRENT_PROJECT_VERSION = 1;
				ENABLE_PREVIEWS = YES;
				GENERATE_INFOPLIST_FILE = YES;
				INFOPLIST_KEY_CFBundleDisplayName = HabitMinder;
				INFOPLIST_KEY_UISupportedInterfaceOrientations = "UIInterfaceOrientationPortrait UIInterfaceOrientationPortraitUpsideDown";
				INFOPLIST_KEY_WKCompanionAppBundleIdentifier = "com.HabitMinder-SwiftUI";
				LD_RUNPATH_SEARCH_PATHS = (
					"$(inherited)",
					"@executable_path/Frameworks",
				);
				MARKETING_VERSION = 1.0;
				PRODUCT_BUNDLE_IDENTIFIER = "com.HabitMinder-SwiftUI.watchkitapp";
				PRODUCT_NAME = "$(TARGET_NAME)";
				SDKROOT = watchos;
				SKIP_INSTALL = YES;
				SWIFT_EMIT_LOC_STRINGS = YES;
				SWIFT_VERSION = 5.0;
				TARGETED_DEVICE_FAMILY = 4;
				WATCHOS_DEPLOYMENT_TARGET = 11.4;
			};
			name = Release;
		};
/* End XCBuildConfiguration section */

/* Begin XCConfigurationList section */
		3E89D6F12D9869F000E8414C /* Build configuration list for PBXProject "HabitMinder SwiftUI" */ = {
			isa = XCConfigurationList;
			buildConfigurations = (
				3E89D7022D9869F100E8414C /* Debug */,
				3E89D7032D9869F100E8414C /* Release */,
			);
			defaultConfigurationIsVisible = 0;
			defaultConfigurationName = Release;
		};
		3E89D7042D9869F100E8414C /* Build configuration list for PBXNativeTarget "HabitMinder SwiftUI" */ = {
			isa = XCConfigurationList;
			buildConfigurations = (
				3E89D7052D9869F100E8414C /* Debug */,
				3E89D7062D9869F100E8414C /* Release */,
			);
			defaultConfigurationIsVisible = 0;
			defaultConfigurationName = Release;
		};
		3EEFE3852DAFB2B300F5B0FF /* Build configuration list for PBXNativeTarget "HabitMinder Watch App" */ = {
			isa = XCConfigurationList;
			buildConfigurations = (
				3EEFE3862DAFB2B300F5B0FF /* Debug */,
				3EEFE3872DAFB2B300F5B0FF /* Release */,
			);
			defaultConfigurationIsVisible = 0;
			defaultConfigurationName = Release;
		};
/* End XCConfigurationList section */
	};
	rootObject = 3E89D6EE2D9869F000E8414C /* Project object */;
}
